// !$*UTF8*$!
{
	archiveVersion = 1;
	classes = {
	};
	objectVersion = 46;
	objects = {

/* Begin PBXBuildFile section */
		3A512ED21BE169390091A124 /* Alexander.h in Headers */ = {isa = PBXBuildFile; fileRef = 3A512ECB1BE168C30091A124 /* Alexander.h */; settings = {ATTRIBUTES = (Public, ); }; };
		3A512ED31BE1693C0091A124 /* Alexander.h in Headers */ = {isa = PBXBuildFile; fileRef = 3A512ECE1BE168C30091A124 /* Alexander.h */; settings = {ATTRIBUTES = (Public, ); }; };
		3A512F021BE16AD10091A124 /* Alexander.h in Headers */ = {isa = PBXBuildFile; fileRef = 3A512EFD1BE16AC00091A124 /* Alexander.h */; settings = {ATTRIBUTES = (Public, ); }; };
		3A512F031BE16AD60091A124 /* Alexander.h in Headers */ = {isa = PBXBuildFile; fileRef = 3A512EFF1BE16AC60091A124 /* Alexander.h */; settings = {ATTRIBUTES = (Public, ); }; };
		3A512F041BE16B250091A124 /* JSON.swift in Sources */ = {isa = PBXBuildFile; fileRef = 3BEDAE5C1B5DC4B200AD52FE /* JSON.swift */; };
		3A512F061BE16B250091A124 /* Defines.swift in Sources */ = {isa = PBXBuildFile; fileRef = 3B62AAD81B82452800491A67 /* Defines.swift */; };
		3A512F071BE16B250091A124 /* JSON.swift in Sources */ = {isa = PBXBuildFile; fileRef = 3BEDAE5C1B5DC4B200AD52FE /* JSON.swift */; };
		3A512F091BE16B250091A124 /* Defines.swift in Sources */ = {isa = PBXBuildFile; fileRef = 3B62AAD81B82452800491A67 /* Defines.swift */; };
		3AA08DDA1BFE417C001BCA4D /* Deprecated.swift in Sources */ = {isa = PBXBuildFile; fileRef = 3AA08DD91BFE417C001BCA4D /* Deprecated.swift */; };
		3AA08DDB1BFE417C001BCA4D /* Deprecated.swift in Sources */ = {isa = PBXBuildFile; fileRef = 3AA08DD91BFE417C001BCA4D /* Deprecated.swift */; };
		3AA08DDC1BFE417C001BCA4D /* Deprecated.swift in Sources */ = {isa = PBXBuildFile; fileRef = 3AA08DD91BFE417C001BCA4D /* Deprecated.swift */; };
		3AA08DDD1BFE417C001BCA4D /* Deprecated.swift in Sources */ = {isa = PBXBuildFile; fileRef = 3AA08DD91BFE417C001BCA4D /* Deprecated.swift */; };
		3AA08DDF1BFE4FCD001BCA4D /* EncoderType.swift in Sources */ = {isa = PBXBuildFile; fileRef = 3AA08DDE1BFE4FCD001BCA4D /* EncoderType.swift */; };
		3AA08DE01BFE4FCD001BCA4D /* EncoderType.swift in Sources */ = {isa = PBXBuildFile; fileRef = 3AA08DDE1BFE4FCD001BCA4D /* EncoderType.swift */; };
		3AA08DE11BFE4FCD001BCA4D /* EncoderType.swift in Sources */ = {isa = PBXBuildFile; fileRef = 3AA08DDE1BFE4FCD001BCA4D /* EncoderType.swift */; };
		3AA08DE21BFE4FCD001BCA4D /* EncoderType.swift in Sources */ = {isa = PBXBuildFile; fileRef = 3AA08DDE1BFE4FCD001BCA4D /* EncoderType.swift */; };
		3AE5C3941BFD3EBC00F1080F /* AlexanderTests.swift in Sources */ = {isa = PBXBuildFile; fileRef = 3AE5C3931BFD3EBC00F1080F /* AlexanderTests.swift */; };
		3AE5C3951BFD3EBC00F1080F /* AlexanderTests.swift in Sources */ = {isa = PBXBuildFile; fileRef = 3AE5C3931BFD3EBC00F1080F /* AlexanderTests.swift */; };
		3AE5C39C1BFD522300F1080F /* DecoderType.swift in Sources */ = {isa = PBXBuildFile; fileRef = 3AE5C39B1BFD522300F1080F /* DecoderType.swift */; };
		3AE5C39D1BFD522300F1080F /* DecoderType.swift in Sources */ = {isa = PBXBuildFile; fileRef = 3AE5C39B1BFD522300F1080F /* DecoderType.swift */; };
		3AE5C39E1BFD522300F1080F /* DecoderType.swift in Sources */ = {isa = PBXBuildFile; fileRef = 3AE5C39B1BFD522300F1080F /* DecoderType.swift */; };
		3AE5C39F1BFD522300F1080F /* DecoderType.swift in Sources */ = {isa = PBXBuildFile; fileRef = 3AE5C39B1BFD522300F1080F /* DecoderType.swift */; };
		3AE5C3A11BFD551800F1080F /* UserDecoderTests.swift in Sources */ = {isa = PBXBuildFile; fileRef = 3AE5C3A01BFD551800F1080F /* UserDecoderTests.swift */; };
		3AE5C3A21BFD551800F1080F /* UserDecoderTests.swift in Sources */ = {isa = PBXBuildFile; fileRef = 3AE5C3A01BFD551800F1080F /* UserDecoderTests.swift */; };
		3B62AAD91B82452800491A67 /* Defines.swift in Sources */ = {isa = PBXBuildFile; fileRef = 3B62AAD81B82452800491A67 /* Defines.swift */; };
		3B62AADA1B82452800491A67 /* Defines.swift in Sources */ = {isa = PBXBuildFile; fileRef = 3B62AAD81B82452800491A67 /* Defines.swift */; };
		3BEDAE2B1B5DC30500AD52FE /* Alexander.framework in Frameworks */ = {isa = PBXBuildFile; fileRef = 3BEDAE1F1B5DC30500AD52FE /* Alexander.framework */; };
		3BEDAE5D1B5DC4B200AD52FE /* JSON.swift in Sources */ = {isa = PBXBuildFile; fileRef = 3BEDAE5C1B5DC4B200AD52FE /* JSON.swift */; };
		3BEDAE6F1B5DC4EC00AD52FE /* Alexander.framework in Frameworks */ = {isa = PBXBuildFile; fileRef = 3BEDAE641B5DC4EC00AD52FE /* Alexander.framework */; };
		3BEDAE7D1B5DC58800AD52FE /* JSON.swift in Sources */ = {isa = PBXBuildFile; fileRef = 3BEDAE5C1B5DC4B200AD52FE /* JSON.swift */; };
/* End PBXBuildFile section */

/* Begin PBXContainerItemProxy section */
		3BEDAE2C1B5DC30500AD52FE /* PBXContainerItemProxy */ = {
			isa = PBXContainerItemProxy;
			containerPortal = 3BEDAE161B5DC30500AD52FE /* Project object */;
			proxyType = 1;
			remoteGlobalIDString = 3BEDAE1E1B5DC30500AD52FE;
			remoteInfo = Alexander;
		};
		3BEDAE701B5DC4EC00AD52FE /* PBXContainerItemProxy */ = {
			isa = PBXContainerItemProxy;
			containerPortal = 3BEDAE161B5DC30500AD52FE /* Project object */;
			proxyType = 1;
			remoteGlobalIDString = 3BEDAE631B5DC4EC00AD52FE;
			remoteInfo = "Alexander OS X";
		};
/* End PBXContainerItemProxy section */

/* Begin PBXFileReference section */
		3A40589F1C0D249100D1ED83 /* .gitignore */ = {isa = PBXFileReference; lastKnownFileType = text; path = .gitignore; sourceTree = "<group>"; };
		3A4058A11C0D249100D1ED83 /* Common.xcconfig */ = {isa = PBXFileReference; lastKnownFileType = text.xcconfig; path = Common.xcconfig; sourceTree = "<group>"; };
		3A4058A31C0D249100D1ED83 /* Debug.xcconfig */ = {isa = PBXFileReference; lastKnownFileType = text.xcconfig; path = Debug.xcconfig; sourceTree = "<group>"; };
		3A4058A41C0D249100D1ED83 /* Profile.xcconfig */ = {isa = PBXFileReference; lastKnownFileType = text.xcconfig; path = Profile.xcconfig; sourceTree = "<group>"; };
		3A4058A51C0D249100D1ED83 /* Release.xcconfig */ = {isa = PBXFileReference; lastKnownFileType = text.xcconfig; path = Release.xcconfig; sourceTree = "<group>"; };
		3A4058A61C0D249100D1ED83 /* Test.xcconfig */ = {isa = PBXFileReference; lastKnownFileType = text.xcconfig; path = Test.xcconfig; sourceTree = "<group>"; };
		3A4058A81C0D249100D1ED83 /* Application.xcconfig */ = {isa = PBXFileReference; lastKnownFileType = text.xcconfig; path = Application.xcconfig; sourceTree = "<group>"; };
		3A4058A91C0D249100D1ED83 /* Framework.xcconfig */ = {isa = PBXFileReference; lastKnownFileType = text.xcconfig; path = Framework.xcconfig; sourceTree = "<group>"; };
		3A4058AA1C0D249100D1ED83 /* StaticLibrary.xcconfig */ = {isa = PBXFileReference; lastKnownFileType = text.xcconfig; path = StaticLibrary.xcconfig; sourceTree = "<group>"; };
		3A4058AC1C0D249100D1ED83 /* iOS-Application.xcconfig */ = {isa = PBXFileReference; lastKnownFileType = text.xcconfig; path = "iOS-Application.xcconfig"; sourceTree = "<group>"; };
		3A4058AD1C0D249100D1ED83 /* iOS-Base.xcconfig */ = {isa = PBXFileReference; lastKnownFileType = text.xcconfig; path = "iOS-Base.xcconfig"; sourceTree = "<group>"; };
		3A4058AE1C0D249100D1ED83 /* iOS-Framework.xcconfig */ = {isa = PBXFileReference; lastKnownFileType = text.xcconfig; path = "iOS-Framework.xcconfig"; sourceTree = "<group>"; };
		3A4058AF1C0D249100D1ED83 /* iOS-StaticLibrary.xcconfig */ = {isa = PBXFileReference; lastKnownFileType = text.xcconfig; path = "iOS-StaticLibrary.xcconfig"; sourceTree = "<group>"; };
		3A4058B11C0D249100D1ED83 /* Mac-Application.xcconfig */ = {isa = PBXFileReference; lastKnownFileType = text.xcconfig; path = "Mac-Application.xcconfig"; sourceTree = "<group>"; };
		3A4058B21C0D249100D1ED83 /* Mac-Base.xcconfig */ = {isa = PBXFileReference; lastKnownFileType = text.xcconfig; path = "Mac-Base.xcconfig"; sourceTree = "<group>"; };
		3A4058B31C0D249100D1ED83 /* Mac-DynamicLibrary.xcconfig */ = {isa = PBXFileReference; lastKnownFileType = text.xcconfig; path = "Mac-DynamicLibrary.xcconfig"; sourceTree = "<group>"; };
		3A4058B41C0D249100D1ED83 /* Mac-Framework.xcconfig */ = {isa = PBXFileReference; lastKnownFileType = text.xcconfig; path = "Mac-Framework.xcconfig"; sourceTree = "<group>"; };
		3A4058B51C0D249100D1ED83 /* Mac-StaticLibrary.xcconfig */ = {isa = PBXFileReference; lastKnownFileType = text.xcconfig; path = "Mac-StaticLibrary.xcconfig"; sourceTree = "<group>"; };
		3A4058B61C0D249100D1ED83 /* README.md */ = {isa = PBXFileReference; lastKnownFileType = net.daringfireball.markdown; path = README.md; sourceTree = "<group>"; };
		3A4058B81C0D249100D1ED83 /* tvOS-Application.xcconfig */ = {isa = PBXFileReference; lastKnownFileType = text.xcconfig; path = "tvOS-Application.xcconfig"; sourceTree = "<group>"; };
		3A4058B91C0D249100D1ED83 /* tvOS-Base.xcconfig */ = {isa = PBXFileReference; lastKnownFileType = text.xcconfig; path = "tvOS-Base.xcconfig"; sourceTree = "<group>"; };
		3A4058BA1C0D249100D1ED83 /* tvOS-Framework.xcconfig */ = {isa = PBXFileReference; lastKnownFileType = text.xcconfig; path = "tvOS-Framework.xcconfig"; sourceTree = "<group>"; };
		3A4058BB1C0D249100D1ED83 /* tvOS-StaticLibrary.xcconfig */ = {isa = PBXFileReference; lastKnownFileType = text.xcconfig; path = "tvOS-StaticLibrary.xcconfig"; sourceTree = "<group>"; };
		3A4058BD1C0D249100D1ED83 /* watchOS-Application.xcconfig */ = {isa = PBXFileReference; lastKnownFileType = text.xcconfig; path = "watchOS-Application.xcconfig"; sourceTree = "<group>"; };
		3A4058BE1C0D249100D1ED83 /* watchOS-Base.xcconfig */ = {isa = PBXFileReference; lastKnownFileType = text.xcconfig; path = "watchOS-Base.xcconfig"; sourceTree = "<group>"; };
		3A4058BF1C0D249100D1ED83 /* watchOS-Framework.xcconfig */ = {isa = PBXFileReference; lastKnownFileType = text.xcconfig; path = "watchOS-Framework.xcconfig"; sourceTree = "<group>"; };
		3A4058C01C0D249100D1ED83 /* watchOS-StaticLibrary.xcconfig */ = {isa = PBXFileReference; lastKnownFileType = text.xcconfig; path = "watchOS-StaticLibrary.xcconfig"; sourceTree = "<group>"; };
		3A512ECB1BE168C30091A124 /* Alexander.h */ = {isa = PBXFileReference; lastKnownFileType = sourcecode.c.h; path = Alexander.h; sourceTree = "<group>"; };
		3A512ECC1BE168C30091A124 /* Info.plist */ = {isa = PBXFileReference; lastKnownFileType = text.plist.xml; path = Info.plist; sourceTree = "<group>"; };
		3A512ECE1BE168C30091A124 /* Alexander.h */ = {isa = PBXFileReference; lastKnownFileType = sourcecode.c.h; path = Alexander.h; sourceTree = "<group>"; };
		3A512ECF1BE168C30091A124 /* Info.plist */ = {isa = PBXFileReference; lastKnownFileType = text.plist.xml; path = Info.plist; sourceTree = "<group>"; };
		3A512ED91BE169910091A124 /* Alexander.framework */ = {isa = PBXFileReference; explicitFileType = wrapper.framework; includeInIndex = 0; path = Alexander.framework; sourceTree = BUILT_PRODUCTS_DIR; };
		3A512EF51BE169A00091A124 /* Alexander.framework */ = {isa = PBXFileReference; explicitFileType = wrapper.framework; includeInIndex = 0; path = Alexander.framework; sourceTree = BUILT_PRODUCTS_DIR; };
		3A512EFD1BE16AC00091A124 /* Alexander.h */ = {isa = PBXFileReference; lastKnownFileType = sourcecode.c.h; path = Alexander.h; sourceTree = "<group>"; };
		3A512EFE1BE16AC00091A124 /* Info.plist */ = {isa = PBXFileReference; lastKnownFileType = text.plist.xml; path = Info.plist; sourceTree = "<group>"; };
		3A512EFF1BE16AC60091A124 /* Alexander.h */ = {isa = PBXFileReference; lastKnownFileType = sourcecode.c.h; path = Alexander.h; sourceTree = "<group>"; };
		3A512F001BE16AC60091A124 /* Info.plist */ = {isa = PBXFileReference; lastKnownFileType = text.plist.xml; path = Info.plist; sourceTree = "<group>"; };
		3A512F0E1BE16BB60091A124 /* Info.plist */ = {isa = PBXFileReference; lastKnownFileType = text.plist.xml; path = Info.plist; sourceTree = "<group>"; };
		3A512F101BE16BB60091A124 /* Info.plist */ = {isa = PBXFileReference; lastKnownFileType = text.plist.xml; path = Info.plist; sourceTree = "<group>"; };
		3A512F121BE16BB60091A124 /* Info.plist */ = {isa = PBXFileReference; lastKnownFileType = text.plist.xml; path = Info.plist; sourceTree = "<group>"; };
		3AA08DD91BFE417C001BCA4D /* Deprecated.swift */ = {isa = PBXFileReference; fileEncoding = 4; lastKnownFileType = sourcecode.swift; path = Deprecated.swift; sourceTree = "<group>"; };
		3AA08DDE1BFE4FCD001BCA4D /* EncoderType.swift */ = {isa = PBXFileReference; fileEncoding = 4; lastKnownFileType = sourcecode.swift; path = EncoderType.swift; sourceTree = "<group>"; };
		3AE5C3931BFD3EBC00F1080F /* AlexanderTests.swift */ = {isa = PBXFileReference; fileEncoding = 4; lastKnownFileType = sourcecode.swift; path = AlexanderTests.swift; sourceTree = "<group>"; };
		3AE5C39B1BFD522300F1080F /* DecoderType.swift */ = {isa = PBXFileReference; fileEncoding = 4; lastKnownFileType = sourcecode.swift; path = DecoderType.swift; sourceTree = "<group>"; };
		3AE5C3A01BFD551800F1080F /* UserDecoderTests.swift */ = {isa = PBXFileReference; fileEncoding = 4; lastKnownFileType = sourcecode.swift; path = UserDecoderTests.swift; sourceTree = "<group>"; };
		3B62AAD81B82452800491A67 /* Defines.swift */ = {isa = PBXFileReference; fileEncoding = 4; lastKnownFileType = sourcecode.swift; path = Defines.swift; sourceTree = "<group>"; };
		3BEDAE1F1B5DC30500AD52FE /* Alexander.framework */ = {isa = PBXFileReference; explicitFileType = wrapper.framework; includeInIndex = 0; path = Alexander.framework; sourceTree = BUILT_PRODUCTS_DIR; };
		3BEDAE2A1B5DC30500AD52FE /* Alexander iOS Tests.xctest */ = {isa = PBXFileReference; explicitFileType = wrapper.cfbundle; includeInIndex = 0; path = "Alexander iOS Tests.xctest"; sourceTree = BUILT_PRODUCTS_DIR; };
		3BEDAE5C1B5DC4B200AD52FE /* JSON.swift */ = {isa = PBXFileReference; fileEncoding = 4; lastKnownFileType = sourcecode.swift; path = JSON.swift; sourceTree = "<group>"; };
		3BEDAE641B5DC4EC00AD52FE /* Alexander.framework */ = {isa = PBXFileReference; explicitFileType = wrapper.framework; includeInIndex = 0; path = Alexander.framework; sourceTree = BUILT_PRODUCTS_DIR; };
		3BEDAE6E1B5DC4EC00AD52FE /* Alexander macOS Tests.xctest */ = {isa = PBXFileReference; explicitFileType = wrapper.cfbundle; includeInIndex = 0; path = "Alexander macOS Tests.xctest"; sourceTree = BUILT_PRODUCTS_DIR; };
/* End PBXFileReference section */

/* Begin PBXFrameworksBuildPhase section */
		3A512ED51BE169910091A124 /* Frameworks */ = {
			isa = PBXFrameworksBuildPhase;
			buildActionMask = 2147483647;
			files = (
			);
			runOnlyForDeploymentPostprocessing = 0;
		};
		3A512EF11BE169A00091A124 /* Frameworks */ = {
			isa = PBXFrameworksBuildPhase;
			buildActionMask = 2147483647;
			files = (
			);
			runOnlyForDeploymentPostprocessing = 0;
		};
		3BEDAE1B1B5DC30500AD52FE /* Frameworks */ = {
			isa = PBXFrameworksBuildPhase;
			buildActionMask = 2147483647;
			files = (
			);
			runOnlyForDeploymentPostprocessing = 0;
		};
		3BEDAE271B5DC30500AD52FE /* Frameworks */ = {
			isa = PBXFrameworksBuildPhase;
			buildActionMask = 2147483647;
			files = (
				3BEDAE2B1B5DC30500AD52FE /* Alexander.framework in Frameworks */,
			);
			runOnlyForDeploymentPostprocessing = 0;
		};
		3BEDAE601B5DC4EC00AD52FE /* Frameworks */ = {
			isa = PBXFrameworksBuildPhase;
			buildActionMask = 2147483647;
			files = (
			);
			runOnlyForDeploymentPostprocessing = 0;
		};
		3BEDAE6B1B5DC4EC00AD52FE /* Frameworks */ = {
			isa = PBXFrameworksBuildPhase;
			buildActionMask = 2147483647;
			files = (
				3BEDAE6F1B5DC4EC00AD52FE /* Alexander.framework in Frameworks */,
			);
			runOnlyForDeploymentPostprocessing = 0;
		};
/* End PBXFrameworksBuildPhase section */

/* Begin PBXGroup section */
		3A40589E1C0D249100D1ED83 /* Configuration */ = {
			isa = PBXGroup;
			children = (
				3A40589F1C0D249100D1ED83 /* .gitignore */,
				3A4058A01C0D249100D1ED83 /* Base */,
				3A4058AB1C0D249100D1ED83 /* iOS */,
				3A4058B01C0D249100D1ED83 /* Mac OS X */,
				3A4058B61C0D249100D1ED83 /* README.md */,
				3A4058B71C0D249100D1ED83 /* tvOS */,
				3A4058BC1C0D249100D1ED83 /* watchOS */,
			);
			name = Configuration;
			path = Submodules/xcconfigs;
			sourceTree = "<group>";
		};
		3A4058A01C0D249100D1ED83 /* Base */ = {
			isa = PBXGroup;
			children = (
				3A4058A11C0D249100D1ED83 /* Common.xcconfig */,
				3A4058A21C0D249100D1ED83 /* Configurations */,
				3A4058A71C0D249100D1ED83 /* Targets */,
			);
			path = Base;
			sourceTree = "<group>";
		};
		3A4058A21C0D249100D1ED83 /* Configurations */ = {
			isa = PBXGroup;
			children = (
				3A4058A31C0D249100D1ED83 /* Debug.xcconfig */,
				3A4058A41C0D249100D1ED83 /* Profile.xcconfig */,
				3A4058A51C0D249100D1ED83 /* Release.xcconfig */,
				3A4058A61C0D249100D1ED83 /* Test.xcconfig */,
			);
			path = Configurations;
			sourceTree = "<group>";
		};
		3A4058A71C0D249100D1ED83 /* Targets */ = {
			isa = PBXGroup;
			children = (
				3A4058A81C0D249100D1ED83 /* Application.xcconfig */,
				3A4058A91C0D249100D1ED83 /* Framework.xcconfig */,
				3A4058AA1C0D249100D1ED83 /* StaticLibrary.xcconfig */,
			);
			path = Targets;
			sourceTree = "<group>";
		};
		3A4058AB1C0D249100D1ED83 /* iOS */ = {
			isa = PBXGroup;
			children = (
				3A4058AC1C0D249100D1ED83 /* iOS-Application.xcconfig */,
				3A4058AD1C0D249100D1ED83 /* iOS-Base.xcconfig */,
				3A4058AE1C0D249100D1ED83 /* iOS-Framework.xcconfig */,
				3A4058AF1C0D249100D1ED83 /* iOS-StaticLibrary.xcconfig */,
			);
			path = iOS;
			sourceTree = "<group>";
		};
		3A4058B01C0D249100D1ED83 /* Mac OS X */ = {
			isa = PBXGroup;
			children = (
				3A4058B11C0D249100D1ED83 /* Mac-Application.xcconfig */,
				3A4058B21C0D249100D1ED83 /* Mac-Base.xcconfig */,
				3A4058B31C0D249100D1ED83 /* Mac-DynamicLibrary.xcconfig */,
				3A4058B41C0D249100D1ED83 /* Mac-Framework.xcconfig */,
				3A4058B51C0D249100D1ED83 /* Mac-StaticLibrary.xcconfig */,
			);
			path = "Mac OS X";
			sourceTree = "<group>";
		};
		3A4058B71C0D249100D1ED83 /* tvOS */ = {
			isa = PBXGroup;
			children = (
				3A4058B81C0D249100D1ED83 /* tvOS-Application.xcconfig */,
				3A4058B91C0D249100D1ED83 /* tvOS-Base.xcconfig */,
				3A4058BA1C0D249100D1ED83 /* tvOS-Framework.xcconfig */,
				3A4058BB1C0D249100D1ED83 /* tvOS-StaticLibrary.xcconfig */,
			);
			path = tvOS;
			sourceTree = "<group>";
		};
		3A4058BC1C0D249100D1ED83 /* watchOS */ = {
			isa = PBXGroup;
			children = (
				3A4058BD1C0D249100D1ED83 /* watchOS-Application.xcconfig */,
				3A4058BE1C0D249100D1ED83 /* watchOS-Base.xcconfig */,
				3A4058BF1C0D249100D1ED83 /* watchOS-Framework.xcconfig */,
				3A4058C01C0D249100D1ED83 /* watchOS-StaticLibrary.xcconfig */,
			);
			path = watchOS;
			sourceTree = "<group>";
		};
		3A512EC91BE168C30091A124 /* Configuration */ = {
			isa = PBXGroup;
			children = (
				3A512ECA1BE168C30091A124 /* iOS */,
				3A512ECD1BE168C30091A124 /* macOS */,
				3A512ED01BE168C30091A124 /* tvOS */,
				3A512ED11BE168C30091A124 /* watchOS */,
			);
			path = Configuration;
			sourceTree = "<group>";
		};
		3A512ECA1BE168C30091A124 /* iOS */ = {
			isa = PBXGroup;
			children = (
				3A512ECB1BE168C30091A124 /* Alexander.h */,
				3A512ECC1BE168C30091A124 /* Info.plist */,
			);
			path = iOS;
			sourceTree = "<group>";
		};
		3A512ECD1BE168C30091A124 /* macOS */ = {
			isa = PBXGroup;
			children = (
				3A512ECE1BE168C30091A124 /* Alexander.h */,
				3A512ECF1BE168C30091A124 /* Info.plist */,
			);
			path = macOS;
			sourceTree = "<group>";
		};
		3A512ED01BE168C30091A124 /* tvOS */ = {
			isa = PBXGroup;
			children = (
				3A512EFD1BE16AC00091A124 /* Alexander.h */,
				3A512EFE1BE16AC00091A124 /* Info.plist */,
			);
			path = tvOS;
			sourceTree = "<group>";
		};
		3A512ED11BE168C30091A124 /* watchOS */ = {
			isa = PBXGroup;
			children = (
				3A512EFF1BE16AC60091A124 /* Alexander.h */,
				3A512F001BE16AC60091A124 /* Info.plist */,
			);
			path = watchOS;
			sourceTree = "<group>";
		};
		3A512F0A1BE16BB60091A124 /* Tests */ = {
			isa = PBXGroup;
			children = (
				3AE5C3931BFD3EBC00F1080F /* AlexanderTests.swift */,
				3AE5C3A01BFD551800F1080F /* UserDecoderTests.swift */,
				3A512F0C1BE16BB60091A124 /* Configuration */,
			);
			path = Tests;
			sourceTree = "<group>";
		};
		3A512F0C1BE16BB60091A124 /* Configuration */ = {
			isa = PBXGroup;
			children = (
				3A512F0D1BE16BB60091A124 /* iOS */,
				3A512F0F1BE16BB60091A124 /* macOS */,
				3A512F111BE16BB60091A124 /* tvOS */,
			);
			path = Configuration;
			sourceTree = "<group>";
		};
		3A512F0D1BE16BB60091A124 /* iOS */ = {
			isa = PBXGroup;
			children = (
				3A512F0E1BE16BB60091A124 /* Info.plist */,
			);
			path = iOS;
			sourceTree = "<group>";
		};
		3A512F0F1BE16BB60091A124 /* macOS */ = {
			isa = PBXGroup;
			children = (
				3A512F101BE16BB60091A124 /* Info.plist */,
			);
			path = macOS;
			sourceTree = "<group>";
		};
		3A512F111BE16BB60091A124 /* tvOS */ = {
			isa = PBXGroup;
			children = (
				3A512F121BE16BB60091A124 /* Info.plist */,
			);
			path = tvOS;
			sourceTree = "<group>";
		};
		3BEDAE151B5DC30500AD52FE = {
			isa = PBXGroup;
			children = (
				3BEDAE5B1B5DC4B200AD52FE /* Alexander */,
				3A512F0A1BE16BB60091A124 /* Tests */,
				3A40589E1C0D249100D1ED83 /* Configuration */,
				3BEDAE201B5DC30500AD52FE /* Products */,
			);
			sourceTree = "<group>";
		};
		3BEDAE201B5DC30500AD52FE /* Products */ = {
			isa = PBXGroup;
			children = (
				3BEDAE1F1B5DC30500AD52FE /* Alexander.framework */,
				3BEDAE2A1B5DC30500AD52FE /* Alexander iOS Tests.xctest */,
				3BEDAE641B5DC4EC00AD52FE /* Alexander.framework */,
				3BEDAE6E1B5DC4EC00AD52FE /* Alexander macOS Tests.xctest */,
				3A512ED91BE169910091A124 /* Alexander.framework */,
				3A512EF51BE169A00091A124 /* Alexander.framework */,
			);
			name = Products;
			sourceTree = "<group>";
		};
		3BEDAE5B1B5DC4B200AD52FE /* Alexander */ = {
			isa = PBXGroup;
			children = (
				3BEDAE5C1B5DC4B200AD52FE /* JSON.swift */,
				3AE5C39B1BFD522300F1080F /* DecoderType.swift */,
				3AA08DDE1BFE4FCD001BCA4D /* EncoderType.swift */,
				3B62AAD81B82452800491A67 /* Defines.swift */,
				3AA08DD91BFE417C001BCA4D /* Deprecated.swift */,
				3A512EC91BE168C30091A124 /* Configuration */,
			);
			path = Alexander;
			sourceTree = "<group>";
		};
/* End PBXGroup section */

/* Begin PBXHeadersBuildPhase section */
		3A512ED61BE169910091A124 /* Headers */ = {
			isa = PBXHeadersBuildPhase;
			buildActionMask = 2147483647;
			files = (
				3A512F021BE16AD10091A124 /* Alexander.h in Headers */,
			);
			runOnlyForDeploymentPostprocessing = 0;
		};
		3A512EF21BE169A00091A124 /* Headers */ = {
			isa = PBXHeadersBuildPhase;
			buildActionMask = 2147483647;
			files = (
				3A512F031BE16AD60091A124 /* Alexander.h in Headers */,
			);
			runOnlyForDeploymentPostprocessing = 0;
		};
		3BEDAE1C1B5DC30500AD52FE /* Headers */ = {
			isa = PBXHeadersBuildPhase;
			buildActionMask = 2147483647;
			files = (
				3A512ED21BE169390091A124 /* Alexander.h in Headers */,
			);
			runOnlyForDeploymentPostprocessing = 0;
		};
		3BEDAE611B5DC4EC00AD52FE /* Headers */ = {
			isa = PBXHeadersBuildPhase;
			buildActionMask = 2147483647;
			files = (
				3A512ED31BE1693C0091A124 /* Alexander.h in Headers */,
			);
			runOnlyForDeploymentPostprocessing = 0;
		};
/* End PBXHeadersBuildPhase section */

/* Begin PBXNativeTarget section */
		3A512ED81BE169910091A124 /* Alexander tvOS */ = {
			isa = PBXNativeTarget;
			buildConfigurationList = 3A512EEA1BE169920091A124 /* Build configuration list for PBXNativeTarget "Alexander tvOS" */;
			buildPhases = (
				3A512ED41BE169910091A124 /* Sources */,
				3A512ED51BE169910091A124 /* Frameworks */,
				3A512ED61BE169910091A124 /* Headers */,
				3A512ED71BE169910091A124 /* Resources */,
			);
			buildRules = (
			);
			dependencies = (
			);
			name = "Alexander tvOS";
			productName = "Alexander tvOS";
			productReference = 3A512ED91BE169910091A124 /* Alexander.framework */;
			productType = "com.apple.product-type.framework";
		};
		3A512EF41BE169A00091A124 /* Alexander watchOS */ = {
			isa = PBXNativeTarget;
			buildConfigurationList = 3A512EFA1BE169A00091A124 /* Build configuration list for PBXNativeTarget "Alexander watchOS" */;
			buildPhases = (
				3A512EF01BE169A00091A124 /* Sources */,
				3A512EF11BE169A00091A124 /* Frameworks */,
				3A512EF21BE169A00091A124 /* Headers */,
				3A512EF31BE169A00091A124 /* Resources */,
			);
			buildRules = (
			);
			dependencies = (
			);
			name = "Alexander watchOS";
			productName = "Alexander watchOS";
			productReference = 3A512EF51BE169A00091A124 /* Alexander.framework */;
			productType = "com.apple.product-type.framework";
		};
		3BEDAE1E1B5DC30500AD52FE /* Alexander iOS */ = {
			isa = PBXNativeTarget;
			buildConfigurationList = 3BEDAE351B5DC30500AD52FE /* Build configuration list for PBXNativeTarget "Alexander iOS" */;
			buildPhases = (
				3BEDAE1A1B5DC30500AD52FE /* Sources */,
				3BEDAE1B1B5DC30500AD52FE /* Frameworks */,
				3BEDAE1C1B5DC30500AD52FE /* Headers */,
				3BEDAE1D1B5DC30500AD52FE /* Resources */,
			);
			buildRules = (
			);
			dependencies = (
			);
			name = "Alexander iOS";
			productName = Alexander;
			productReference = 3BEDAE1F1B5DC30500AD52FE /* Alexander.framework */;
			productType = "com.apple.product-type.framework";
		};
		3BEDAE291B5DC30500AD52FE /* Alexander iOS Tests */ = {
			isa = PBXNativeTarget;
			buildConfigurationList = 3BEDAE381B5DC30500AD52FE /* Build configuration list for PBXNativeTarget "Alexander iOS Tests" */;
			buildPhases = (
				3BEDAE261B5DC30500AD52FE /* Sources */,
				3BEDAE271B5DC30500AD52FE /* Frameworks */,
				3BEDAE281B5DC30500AD52FE /* Resources */,
			);
			buildRules = (
			);
			dependencies = (
				3BEDAE2D1B5DC30500AD52FE /* PBXTargetDependency */,
			);
			name = "Alexander iOS Tests";
			productName = AlexanderTests;
			productReference = 3BEDAE2A1B5DC30500AD52FE /* Alexander iOS Tests.xctest */;
			productType = "com.apple.product-type.bundle.unit-test";
		};
		3BEDAE631B5DC4EC00AD52FE /* Alexander macOS */ = {
			isa = PBXNativeTarget;
			buildConfigurationList = 3BEDAE771B5DC4EC00AD52FE /* Build configuration list for PBXNativeTarget "Alexander macOS" */;
			buildPhases = (
				3BEDAE5F1B5DC4EC00AD52FE /* Sources */,
				3BEDAE601B5DC4EC00AD52FE /* Frameworks */,
				3BEDAE611B5DC4EC00AD52FE /* Headers */,
				3BEDAE621B5DC4EC00AD52FE /* Resources */,
			);
			buildRules = (
			);
			dependencies = (
			);
			name = "Alexander macOS";
			productName = "Alexander OS X";
			productReference = 3BEDAE641B5DC4EC00AD52FE /* Alexander.framework */;
			productType = "com.apple.product-type.framework";
		};
		3BEDAE6D1B5DC4EC00AD52FE /* Alexander macOS Tests */ = {
			isa = PBXNativeTarget;
			buildConfigurationList = 3BEDAE7A1B5DC4EC00AD52FE /* Build configuration list for PBXNativeTarget "Alexander macOS Tests" */;
			buildPhases = (
				3BEDAE6A1B5DC4EC00AD52FE /* Sources */,
				3BEDAE6B1B5DC4EC00AD52FE /* Frameworks */,
				3BEDAE6C1B5DC4EC00AD52FE /* Resources */,
			);
			buildRules = (
			);
			dependencies = (
				3BEDAE711B5DC4EC00AD52FE /* PBXTargetDependency */,
			);
			name = "Alexander macOS Tests";
			productName = "Alexander OS XTests";
			productReference = 3BEDAE6E1B5DC4EC00AD52FE /* Alexander macOS Tests.xctest */;
			productType = "com.apple.product-type.bundle.unit-test";
		};
/* End PBXNativeTarget section */

/* Begin PBXProject section */
		3BEDAE161B5DC30500AD52FE /* Project object */ = {
			isa = PBXProject;
			attributes = {
				LastSwiftUpdateCheck = 0710;
				LastUpgradeCheck = 0700;
				ORGANIZATIONNAME = HODINKEE;
				TargetAttributes = {
					3A512ED81BE169910091A124 = {
						CreatedOnToolsVersion = 7.1;
					};
					3A512EF41BE169A00091A124 = {
						CreatedOnToolsVersion = 7.1;
					};
					3BEDAE1E1B5DC30500AD52FE = {
						CreatedOnToolsVersion = 6.4;
					};
					3BEDAE291B5DC30500AD52FE = {
						CreatedOnToolsVersion = 6.4;
					};
					3BEDAE631B5DC4EC00AD52FE = {
						CreatedOnToolsVersion = 6.4;
					};
					3BEDAE6D1B5DC4EC00AD52FE = {
						CreatedOnToolsVersion = 6.4;
					};
				};
			};
			buildConfigurationList = 3BEDAE191B5DC30500AD52FE /* Build configuration list for PBXProject "Alexander" */;
			compatibilityVersion = "Xcode 3.2";
			developmentRegion = English;
			hasScannedForEncodings = 0;
			knownRegions = (
				en,
			);
			mainGroup = 3BEDAE151B5DC30500AD52FE;
			productRefGroup = 3BEDAE201B5DC30500AD52FE /* Products */;
			projectDirPath = "";
			projectRoot = "";
			targets = (
				3BEDAE1E1B5DC30500AD52FE /* Alexander iOS */,
				3BEDAE291B5DC30500AD52FE /* Alexander iOS Tests */,
				3BEDAE631B5DC4EC00AD52FE /* Alexander macOS */,
				3BEDAE6D1B5DC4EC00AD52FE /* Alexander macOS Tests */,
				3A512ED81BE169910091A124 /* Alexander tvOS */,
				3A512EF41BE169A00091A124 /* Alexander watchOS */,
			);
		};
/* End PBXProject section */

/* Begin PBXResourcesBuildPhase section */
		3A512ED71BE169910091A124 /* Resources */ = {
			isa = PBXResourcesBuildPhase;
			buildActionMask = 2147483647;
			files = (
			);
			runOnlyForDeploymentPostprocessing = 0;
		};
		3A512EF31BE169A00091A124 /* Resources */ = {
			isa = PBXResourcesBuildPhase;
			buildActionMask = 2147483647;
			files = (
			);
			runOnlyForDeploymentPostprocessing = 0;
		};
		3BEDAE1D1B5DC30500AD52FE /* Resources */ = {
			isa = PBXResourcesBuildPhase;
			buildActionMask = 2147483647;
			files = (
			);
			runOnlyForDeploymentPostprocessing = 0;
		};
		3BEDAE281B5DC30500AD52FE /* Resources */ = {
			isa = PBXResourcesBuildPhase;
			buildActionMask = 2147483647;
			files = (
			);
			runOnlyForDeploymentPostprocessing = 0;
		};
		3BEDAE621B5DC4EC00AD52FE /* Resources */ = {
			isa = PBXResourcesBuildPhase;
			buildActionMask = 2147483647;
			files = (
			);
			runOnlyForDeploymentPostprocessing = 0;
		};
		3BEDAE6C1B5DC4EC00AD52FE /* Resources */ = {
			isa = PBXResourcesBuildPhase;
			buildActionMask = 2147483647;
			files = (
			);
			runOnlyForDeploymentPostprocessing = 0;
		};
/* End PBXResourcesBuildPhase section */

/* Begin PBXSourcesBuildPhase section */
		3A512ED41BE169910091A124 /* Sources */ = {
			isa = PBXSourcesBuildPhase;
			buildActionMask = 2147483647;
			files = (
				3AE5C39E1BFD522300F1080F /* DecoderType.swift in Sources */,
				3AA08DE11BFE4FCD001BCA4D /* EncoderType.swift in Sources */,
				3AA08DDC1BFE417C001BCA4D /* Deprecated.swift in Sources */,
				3A512F041BE16B250091A124 /* JSON.swift in Sources */,
				3A512F061BE16B250091A124 /* Defines.swift in Sources */,
			);
			runOnlyForDeploymentPostprocessing = 0;
		};
		3A512EF01BE169A00091A124 /* Sources */ = {
			isa = PBXSourcesBuildPhase;
			buildActionMask = 2147483647;
			files = (
				3AE5C39F1BFD522300F1080F /* DecoderType.swift in Sources */,
				3AA08DE21BFE4FCD001BCA4D /* EncoderType.swift in Sources */,
				3AA08DDD1BFE417C001BCA4D /* Deprecated.swift in Sources */,
				3A512F071BE16B250091A124 /* JSON.swift in Sources */,
				3A512F091BE16B250091A124 /* Defines.swift in Sources */,
			);
			runOnlyForDeploymentPostprocessing = 0;
		};
		3BEDAE1A1B5DC30500AD52FE /* Sources */ = {
			isa = PBXSourcesBuildPhase;
			buildActionMask = 2147483647;
			files = (
				3AE5C39C1BFD522300F1080F /* DecoderType.swift in Sources */,
				3B62AAD91B82452800491A67 /* Defines.swift in Sources */,
				3AA08DDF1BFE4FCD001BCA4D /* EncoderType.swift in Sources */,
				3AA08DDA1BFE417C001BCA4D /* Deprecated.swift in Sources */,
				3BEDAE5D1B5DC4B200AD52FE /* JSON.swift in Sources */,
			);
			runOnlyForDeploymentPostprocessing = 0;
		};
		3BEDAE261B5DC30500AD52FE /* Sources */ = {
			isa = PBXSourcesBuildPhase;
			buildActionMask = 2147483647;
			files = (
				3AE5C3941BFD3EBC00F1080F /* AlexanderTests.swift in Sources */,
				3AE5C3A11BFD551800F1080F /* UserDecoderTests.swift in Sources */,
			);
			runOnlyForDeploymentPostprocessing = 0;
		};
		3BEDAE5F1B5DC4EC00AD52FE /* Sources */ = {
			isa = PBXSourcesBuildPhase;
			buildActionMask = 2147483647;
			files = (
				3AE5C39D1BFD522300F1080F /* DecoderType.swift in Sources */,
				3B62AADA1B82452800491A67 /* Defines.swift in Sources */,
				3AA08DE01BFE4FCD001BCA4D /* EncoderType.swift in Sources */,
				3AA08DDB1BFE417C001BCA4D /* Deprecated.swift in Sources */,
				3BEDAE7D1B5DC58800AD52FE /* JSON.swift in Sources */,
			);
			runOnlyForDeploymentPostprocessing = 0;
		};
		3BEDAE6A1B5DC4EC00AD52FE /* Sources */ = {
			isa = PBXSourcesBuildPhase;
			buildActionMask = 2147483647;
			files = (
				3AE5C3951BFD3EBC00F1080F /* AlexanderTests.swift in Sources */,
				3AE5C3A21BFD551800F1080F /* UserDecoderTests.swift in Sources */,
			);
			runOnlyForDeploymentPostprocessing = 0;
		};
/* End PBXSourcesBuildPhase section */

/* Begin PBXTargetDependency section */
		3BEDAE2D1B5DC30500AD52FE /* PBXTargetDependency */ = {
			isa = PBXTargetDependency;
			target = 3BEDAE1E1B5DC30500AD52FE /* Alexander iOS */;
			targetProxy = 3BEDAE2C1B5DC30500AD52FE /* PBXContainerItemProxy */;
		};
		3BEDAE711B5DC4EC00AD52FE /* PBXTargetDependency */ = {
			isa = PBXTargetDependency;
			target = 3BEDAE631B5DC4EC00AD52FE /* Alexander macOS */;
			targetProxy = 3BEDAE701B5DC4EC00AD52FE /* PBXContainerItemProxy */;
		};
/* End PBXTargetDependency section */

/* Begin XCBuildConfiguration section */
		3A512EEB1BE169920091A124 /* Debug */ = {
			isa = XCBuildConfiguration;
			baseConfigurationReference = 3A4058BA1C0D249100D1ED83 /* tvOS-Framework.xcconfig */;
			buildSettings = {
				CURRENT_PROJECT_VERSION = 8;
				DYLIB_COMPATIBILITY_VERSION = 1;
				DYLIB_CURRENT_VERSION = 8;
				INFOPLIST_FILE = Alexander/Configuration/tvOS/Info.plist;
				PRODUCT_BUNDLE_IDENTIFIER = "com.hodinkee.$(PRODUCT_NAME:rfc1034identifier)";
			};
			name = Debug;
		};
		3A512EEC1BE169920091A124 /* Release */ = {
			isa = XCBuildConfiguration;
			baseConfigurationReference = 3A4058BA1C0D249100D1ED83 /* tvOS-Framework.xcconfig */;
			buildSettings = {
				CURRENT_PROJECT_VERSION = 8;
				DYLIB_COMPATIBILITY_VERSION = 1;
				DYLIB_CURRENT_VERSION = 8;
				INFOPLIST_FILE = Alexander/Configuration/tvOS/Info.plist;
				PRODUCT_BUNDLE_IDENTIFIER = "com.hodinkee.$(PRODUCT_NAME:rfc1034identifier)";
			};
			name = Release;
		};
		3A512EFB1BE169A00091A124 /* Debug */ = {
			isa = XCBuildConfiguration;
			baseConfigurationReference = 3A4058BF1C0D249100D1ED83 /* watchOS-Framework.xcconfig */;
			buildSettings = {
				CURRENT_PROJECT_VERSION = 8;
				DYLIB_COMPATIBILITY_VERSION = 1;
				DYLIB_CURRENT_VERSION = 8;
				INFOPLIST_FILE = Alexander/Configuration/watchOS/Info.plist;
				PRODUCT_BUNDLE_IDENTIFIER = "com.hodinkee.$(PRODUCT_NAME:rfc1034identifier)";
			};
			name = Debug;
		};
		3A512EFC1BE169A00091A124 /* Release */ = {
			isa = XCBuildConfiguration;
			baseConfigurationReference = 3A4058BF1C0D249100D1ED83 /* watchOS-Framework.xcconfig */;
			buildSettings = {
				CURRENT_PROJECT_VERSION = 8;
				DYLIB_COMPATIBILITY_VERSION = 1;
				DYLIB_CURRENT_VERSION = 8;
				INFOPLIST_FILE = Alexander/Configuration/watchOS/Info.plist;
				PRODUCT_BUNDLE_IDENTIFIER = "com.hodinkee.$(PRODUCT_NAME:rfc1034identifier)";
			};
			name = Release;
		};
		3BEDAE331B5DC30500AD52FE /* Debug */ = {
			isa = XCBuildConfiguration;
			baseConfigurationReference = 3A4058A31C0D249100D1ED83 /* Debug.xcconfig */;
			buildSettings = {
				CURRENT_PROJECT_VERSION = 8;
				ENABLE_TESTABILITY = YES;
				IPHONEOS_DEPLOYMENT_TARGET = 8.0;
				MACOSX_DEPLOYMENT_TARGET = 10.9;
				SWIFT_INSTALL_OBJC_HEADER = NO;
				TVOS_DEPLOYMENT_TARGET = 9.0;
				VERSIONING_SYSTEM = "apple-generic";
				VERSION_INFO_PREFIX = "";
				WATCHOS_DEPLOYMENT_TARGET = 2.0;
			};
			name = Debug;
		};
		3BEDAE341B5DC30500AD52FE /* Release */ = {
			isa = XCBuildConfiguration;
			baseConfigurationReference = 3A4058A51C0D249100D1ED83 /* Release.xcconfig */;
			buildSettings = {
				CURRENT_PROJECT_VERSION = 8;
				IPHONEOS_DEPLOYMENT_TARGET = 8.0;
				MACOSX_DEPLOYMENT_TARGET = 10.9;
				SWIFT_INSTALL_OBJC_HEADER = NO;
				TVOS_DEPLOYMENT_TARGET = 9.0;
				VERSIONING_SYSTEM = "apple-generic";
				VERSION_INFO_PREFIX = "";
				WATCHOS_DEPLOYMENT_TARGET = 2.0;
			};
			name = Release;
		};
		3BEDAE361B5DC30500AD52FE /* Debug */ = {
			isa = XCBuildConfiguration;
			baseConfigurationReference = 3A4058AE1C0D249100D1ED83 /* iOS-Framework.xcconfig */;
			buildSettings = {
				CODE_SIGN_IDENTITY = "iPhone Developer";
				"CODE_SIGN_IDENTITY[sdk=iphonesimulator*]" = "";
				DYLIB_COMPATIBILITY_VERSION = 1;
				DYLIB_CURRENT_VERSION = 8;
				INFOPLIST_FILE = Alexander/Configuration/iOS/Info.plist;
				PRODUCT_BUNDLE_IDENTIFIER = "com.hodinkee.$(PRODUCT_NAME:rfc1034identifier)";
			};
			name = Debug;
		};
		3BEDAE371B5DC30500AD52FE /* Release */ = {
			isa = XCBuildConfiguration;
			baseConfigurationReference = 3A4058AE1C0D249100D1ED83 /* iOS-Framework.xcconfig */;
			buildSettings = {
				CODE_SIGN_IDENTITY = "iPhone Developer";
				"CODE_SIGN_IDENTITY[sdk=iphonesimulator*]" = "";
				DYLIB_COMPATIBILITY_VERSION = 1;
				DYLIB_CURRENT_VERSION = 8;
				INFOPLIST_FILE = Alexander/Configuration/iOS/Info.plist;
				PRODUCT_BUNDLE_IDENTIFIER = "com.hodinkee.$(PRODUCT_NAME:rfc1034identifier)";
			};
			name = Release;
		};
		3BEDAE391B5DC30500AD52FE /* Debug */ = {
			isa = XCBuildConfiguration;
			baseConfigurationReference = 3A4058AC1C0D249100D1ED83 /* iOS-Application.xcconfig */;
			buildSettings = {
				CODE_SIGN_IDENTITY = "iPhone Developer";
				"CODE_SIGN_IDENTITY[sdk=iphonesimulator*]" = "";
				INFOPLIST_FILE = Tests/Configuration/iOS/Info.plist;
				PRODUCT_BUNDLE_IDENTIFIER = "com.hodinkee.$(PRODUCT_NAME:rfc1034identifier)";
				PRODUCT_NAME = "$(TARGET_NAME)";
			};
			name = Debug;
		};
		3BEDAE3A1B5DC30500AD52FE /* Release */ = {
			isa = XCBuildConfiguration;
			baseConfigurationReference = 3A4058AC1C0D249100D1ED83 /* iOS-Application.xcconfig */;
			buildSettings = {
				CODE_SIGN_IDENTITY = "iPhone Developer";
				"CODE_SIGN_IDENTITY[sdk=iphonesimulator*]" = "";
				INFOPLIST_FILE = Tests/Configuration/iOS/Info.plist;
				PRODUCT_BUNDLE_IDENTIFIER = "com.hodinkee.$(PRODUCT_NAME:rfc1034identifier)";
				PRODUCT_NAME = "$(TARGET_NAME)";
			};
			name = Release;
		};
		3BEDAE781B5DC4EC00AD52FE /* Debug */ = {
			isa = XCBuildConfiguration;
			baseConfigurationReference = 3A4058B41C0D249100D1ED83 /* Mac-Framework.xcconfig */;
			buildSettings = {
				DYLIB_COMPATIBILITY_VERSION = 1;
				DYLIB_CURRENT_VERSION = 8;
				FRAMEWORK_VERSION = A;
				INFOPLIST_FILE = Alexander/Configuration/macOS/Info.plist;
				PRODUCT_BUNDLE_IDENTIFIER = "com.hodinkee.$(PRODUCT_NAME:rfc1034identifier)";
			};
			name = Debug;
		};
		3BEDAE791B5DC4EC00AD52FE /* Release */ = {
			isa = XCBuildConfiguration;
			baseConfigurationReference = 3A4058B41C0D249100D1ED83 /* Mac-Framework.xcconfig */;
			buildSettings = {
				DYLIB_COMPATIBILITY_VERSION = 1;
				DYLIB_CURRENT_VERSION = 8;
				FRAMEWORK_VERSION = A;
				INFOPLIST_FILE = Alexander/Configuration/macOS/Info.plist;
				PRODUCT_BUNDLE_IDENTIFIER = "com.hodinkee.$(PRODUCT_NAME:rfc1034identifier)";
			};
			name = Release;
		};
		3BEDAE7B1B5DC4EC00AD52FE /* Debug */ = {
			isa = XCBuildConfiguration;
			baseConfigurationReference = 3A4058B11C0D249100D1ED83 /* Mac-Application.xcconfig */;
			buildSettings = {
				INFOPLIST_FILE = Tests/Configuration/macOS/Info.plist;
				PRODUCT_BUNDLE_IDENTIFIER = "com.hodinkee.$(PRODUCT_NAME:rfc1034identifier)";
				PRODUCT_NAME = "$(TARGET_NAME)";
			};
			name = Debug;
		};
		3BEDAE7C1B5DC4EC00AD52FE /* Release */ = {
			isa = XCBuildConfiguration;
			baseConfigurationReference = 3A4058B11C0D249100D1ED83 /* Mac-Application.xcconfig */;
			buildSettings = {
				INFOPLIST_FILE = Tests/Configuration/macOS/Info.plist;
				PRODUCT_BUNDLE_IDENTIFIER = "com.hodinkee.$(PRODUCT_NAME:rfc1034identifier)";
				PRODUCT_NAME = "$(TARGET_NAME)";
			};
			name = Release;
		};
/* End XCBuildConfiguration section */

/* Begin XCConfigurationList section */
		3A512EEA1BE169920091A124 /* Build configuration list for PBXNativeTarget "Alexander tvOS" */ = {
			isa = XCConfigurationList;
			buildConfigurations = (
				3A512EEB1BE169920091A124 /* Debug */,
				3A512EEC1BE169920091A124 /* Release */,
			);
			defaultConfigurationIsVisible = 0;
			defaultConfigurationName = Release;
		};
		3A512EFA1BE169A00091A124 /* Build configuration list for PBXNativeTarget "Alexander watchOS" */ = {
			isa = XCConfigurationList;
			buildConfigurations = (
				3A512EFB1BE169A00091A124 /* Debug */,
				3A512EFC1BE169A00091A124 /* Release */,
			);
			defaultConfigurationIsVisible = 0;
			defaultConfigurationName = Release;
		};
		3BEDAE191B5DC30500AD52FE /* Build configuration list for PBXProject "Alexander" */ = {
			isa = XCConfigurationList;
			buildConfigurations = (
				3BEDAE331B5DC30500AD52FE /* Debug */,
				3BEDAE341B5DC30500AD52FE /* Release */,
			);
			defaultConfigurationIsVisible = 0;
			defaultConfigurationName = Release;
		};
		3BEDAE351B5DC30500AD52FE /* Build configuration list for PBXNativeTarget "Alexander iOS" */ = {
			isa = XCConfigurationList;
			buildConfigurations = (
				3BEDAE361B5DC30500AD52FE /* Debug */,
				3BEDAE371B5DC30500AD52FE /* Release */,
			);
			defaultConfigurationIsVisible = 0;
			defaultConfigurationName = Release;
		};
		3BEDAE381B5DC30500AD52FE /* Build configuration list for PBXNativeTarget "Alexander iOS Tests" */ = {
			isa = XCConfigurationList;
			buildConfigurations = (
				3BEDAE391B5DC30500AD52FE /* Debug */,
				3BEDAE3A1B5DC30500AD52FE /* Release */,
			);
			defaultConfigurationIsVisible = 0;
			defaultConfigurationName = Release;
		};
		3BEDAE771B5DC4EC00AD52FE /* Build configuration list for PBXNativeTarget "Alexander macOS" */ = {
			isa = XCConfigurationList;
			buildConfigurations = (
				3BEDAE781B5DC4EC00AD52FE /* Debug */,
				3BEDAE791B5DC4EC00AD52FE /* Release */,
			);
			defaultConfigurationIsVisible = 0;
			defaultConfigurationName = Release;
		};
		3BEDAE7A1B5DC4EC00AD52FE /* Build configuration list for PBXNativeTarget "Alexander macOS Tests" */ = {
			isa = XCConfigurationList;
			buildConfigurations = (
				3BEDAE7B1B5DC4EC00AD52FE /* Debug */,
				3BEDAE7C1B5DC4EC00AD52FE /* Release */,
			);
			defaultConfigurationIsVisible = 0;
			defaultConfigurationName = Release;
		};
/* End XCConfigurationList section */
	};
	rootObject = 3BEDAE161B5DC30500AD52FE /* Project object */;
}
