// !$*UTF8*$!
{
	archiveVersion = 1;
	classes = {
	};
	objectVersion = 46;
	objects = {

/* Begin PBXBuildFile section */
		3A1F244D1D11925C0021EEBC /* AlexanderError.swift in Sources */ = {isa = PBXBuildFile; fileRef = 3A1F244C1D11925C0021EEBC /* AlexanderError.swift */; };
		3A1F244E1D11925C0021EEBC /* AlexanderError.swift in Sources */ = {isa = PBXBuildFile; fileRef = 3A1F244C1D11925C0021EEBC /* AlexanderError.swift */; };
		3A1F244F1D11925C0021EEBC /* AlexanderError.swift in Sources */ = {isa = PBXBuildFile; fileRef = 3A1F244C1D11925C0021EEBC /* AlexanderError.swift */; };
		3A1F24511D1192850021EEBC /* Dictionary+MapValues.swift in Sources */ = {isa = PBXBuildFile; fileRef = 3A1F24501D1192850021EEBC /* Dictionary+MapValues.swift */; };
		3A1F24521D1192850021EEBC /* Dictionary+MapValues.swift in Sources */ = {isa = PBXBuildFile; fileRef = 3A1F24501D1192850021EEBC /* Dictionary+MapValues.swift */; };
		3A1F24531D1192850021EEBC /* Dictionary+MapValues.swift in Sources */ = {isa = PBXBuildFile; fileRef = 3A1F24501D1192850021EEBC /* Dictionary+MapValues.swift */; };
		3A1F24541D1194440021EEBC /* AlexanderError.swift in Sources */ = {isa = PBXBuildFile; fileRef = 3A1F244C1D11925C0021EEBC /* AlexanderError.swift */; };
		3A1F24551D1194470021EEBC /* Dictionary+MapValues.swift in Sources */ = {isa = PBXBuildFile; fileRef = 3A1F24501D1192850021EEBC /* Dictionary+MapValues.swift */; };
		3A512ED21BE169390091A124 /* Alexander.h in Headers */ = {isa = PBXBuildFile; fileRef = 3A512ECB1BE168C30091A124 /* Alexander.h */; settings = {ATTRIBUTES = (Public, ); }; };
		3A512ED31BE1693C0091A124 /* Alexander.h in Headers */ = {isa = PBXBuildFile; fileRef = 3A512ECE1BE168C30091A124 /* Alexander.h */; settings = {ATTRIBUTES = (Public, ); }; };
		3A512EE31BE169920091A124 /* Alexander.framework in Frameworks */ = {isa = PBXBuildFile; fileRef = 3A512ED91BE169910091A124 /* Alexander.framework */; };
		3A512F021BE16AD10091A124 /* Alexander.h in Headers */ = {isa = PBXBuildFile; fileRef = 3A512EFD1BE16AC00091A124 /* Alexander.h */; settings = {ATTRIBUTES = (Public, ); }; };
		3A512F031BE16AD60091A124 /* Alexander.h in Headers */ = {isa = PBXBuildFile; fileRef = 3A512EFF1BE16AC60091A124 /* Alexander.h */; settings = {ATTRIBUTES = (Public, ); }; };
		3A512F041BE16B250091A124 /* JSON.swift in Sources */ = {isa = PBXBuildFile; fileRef = 3BEDAE5C1B5DC4B200AD52FE /* JSON.swift */; };
		3A512F071BE16B250091A124 /* JSON.swift in Sources */ = {isa = PBXBuildFile; fileRef = 3BEDAE5C1B5DC4B200AD52FE /* JSON.swift */; };
		3AA08DDF1BFE4FCD001BCA4D /* EncoderType.swift in Sources */ = {isa = PBXBuildFile; fileRef = 3AA08DDE1BFE4FCD001BCA4D /* EncoderType.swift */; };
		3AA08DE01BFE4FCD001BCA4D /* EncoderType.swift in Sources */ = {isa = PBXBuildFile; fileRef = 3AA08DDE1BFE4FCD001BCA4D /* EncoderType.swift */; };
		3AA08DE11BFE4FCD001BCA4D /* EncoderType.swift in Sources */ = {isa = PBXBuildFile; fileRef = 3AA08DDE1BFE4FCD001BCA4D /* EncoderType.swift */; };
		3AA08DE21BFE4FCD001BCA4D /* EncoderType.swift in Sources */ = {isa = PBXBuildFile; fileRef = 3AA08DDE1BFE4FCD001BCA4D /* EncoderType.swift */; };
		3AE5C3941BFD3EBC00F1080F /* AlexanderTests.swift in Sources */ = {isa = PBXBuildFile; fileRef = 3AE5C3931BFD3EBC00F1080F /* AlexanderTests.swift */; };
		3AE5C3951BFD3EBC00F1080F /* AlexanderTests.swift in Sources */ = {isa = PBXBuildFile; fileRef = 3AE5C3931BFD3EBC00F1080F /* AlexanderTests.swift */; };
		3AE5C3961BFD3EBC00F1080F /* AlexanderTests.swift in Sources */ = {isa = PBXBuildFile; fileRef = 3AE5C3931BFD3EBC00F1080F /* AlexanderTests.swift */; };
		3AE5C39C1BFD522300F1080F /* DecoderType.swift in Sources */ = {isa = PBXBuildFile; fileRef = 3AE5C39B1BFD522300F1080F /* DecoderType.swift */; };
		3AE5C39D1BFD522300F1080F /* DecoderType.swift in Sources */ = {isa = PBXBuildFile; fileRef = 3AE5C39B1BFD522300F1080F /* DecoderType.swift */; };
		3AE5C39E1BFD522300F1080F /* DecoderType.swift in Sources */ = {isa = PBXBuildFile; fileRef = 3AE5C39B1BFD522300F1080F /* DecoderType.swift */; };
		3AE5C39F1BFD522300F1080F /* DecoderType.swift in Sources */ = {isa = PBXBuildFile; fileRef = 3AE5C39B1BFD522300F1080F /* DecoderType.swift */; };
		3AE5C3A11BFD551800F1080F /* UserDecoderTests.swift in Sources */ = {isa = PBXBuildFile; fileRef = 3AE5C3A01BFD551800F1080F /* UserDecoderTests.swift */; };
		3AE5C3A21BFD551800F1080F /* UserDecoderTests.swift in Sources */ = {isa = PBXBuildFile; fileRef = 3AE5C3A01BFD551800F1080F /* UserDecoderTests.swift */; };
		3AE5C3A31BFD551800F1080F /* UserDecoderTests.swift in Sources */ = {isa = PBXBuildFile; fileRef = 3AE5C3A01BFD551800F1080F /* UserDecoderTests.swift */; };
		3BEDAE2B1B5DC30500AD52FE /* Alexander.framework in Frameworks */ = {isa = PBXBuildFile; fileRef = 3BEDAE1F1B5DC30500AD52FE /* Alexander.framework */; };
		3BEDAE5D1B5DC4B200AD52FE /* JSON.swift in Sources */ = {isa = PBXBuildFile; fileRef = 3BEDAE5C1B5DC4B200AD52FE /* JSON.swift */; };
		3BEDAE6F1B5DC4EC00AD52FE /* Alexander.framework in Frameworks */ = {isa = PBXBuildFile; fileRef = 3BEDAE641B5DC4EC00AD52FE /* Alexander.framework */; };
		3BEDAE7D1B5DC58800AD52FE /* JSON.swift in Sources */ = {isa = PBXBuildFile; fileRef = 3BEDAE5C1B5DC4B200AD52FE /* JSON.swift */; };
/* End PBXBuildFile section */

/* Begin PBXContainerItemProxy section */
		3A512EE41BE169920091A124 /* PBXContainerItemProxy */ = {
			isa = PBXContainerItemProxy;
			containerPortal = 3BEDAE161B5DC30500AD52FE /* Project object */;
			proxyType = 1;
			remoteGlobalIDString = 3A512ED81BE169910091A124;
			remoteInfo = "Alexander tvOS";
		};
		3BEDAE2C1B5DC30500AD52FE /* PBXContainerItemProxy */ = {
			isa = PBXContainerItemProxy;
			containerPortal = 3BEDAE161B5DC30500AD52FE /* Project object */;
			proxyType = 1;
			remoteGlobalIDString = 3BEDAE1E1B5DC30500AD52FE;
			remoteInfo = Alexander;
		};
		3BEDAE701B5DC4EC00AD52FE /* PBXContainerItemProxy */ = {
			isa = PBXContainerItemProxy;
			containerPortal = 3BEDAE161B5DC30500AD52FE /* Project object */;
			proxyType = 1;
			remoteGlobalIDString = 3BEDAE631B5DC4EC00AD52FE;
			remoteInfo = "Alexander OS X";
		};
/* End PBXContainerItemProxy section */

/* Begin PBXFileReference section */
		3A1F244C1D11925C0021EEBC /* AlexanderError.swift */ = {isa = PBXFileReference; fileEncoding = 4; lastKnownFileType = sourcecode.swift; path = AlexanderError.swift; sourceTree = "<group>"; };
		3A1F24501D1192850021EEBC /* Dictionary+MapValues.swift */ = {isa = PBXFileReference; fileEncoding = 4; lastKnownFileType = sourcecode.swift; path = "Dictionary+MapValues.swift"; sourceTree = "<group>"; };
		3A512ECB1BE168C30091A124 /* Alexander.h */ = {isa = PBXFileReference; lastKnownFileType = sourcecode.c.h; path = Alexander.h; sourceTree = "<group>"; };
		3A512ECC1BE168C30091A124 /* Info.plist */ = {isa = PBXFileReference; lastKnownFileType = text.plist.xml; path = Info.plist; sourceTree = "<group>"; };
		3A512ECE1BE168C30091A124 /* Alexander.h */ = {isa = PBXFileReference; lastKnownFileType = sourcecode.c.h; path = Alexander.h; sourceTree = "<group>"; };
		3A512ECF1BE168C30091A124 /* Info.plist */ = {isa = PBXFileReference; lastKnownFileType = text.plist.xml; path = Info.plist; sourceTree = "<group>"; };
		3A512ED91BE169910091A124 /* Alexander.framework */ = {isa = PBXFileReference; explicitFileType = wrapper.framework; includeInIndex = 0; path = Alexander.framework; sourceTree = BUILT_PRODUCTS_DIR; };
		3A512EE21BE169920091A124 /* Alexander-tvOS-Tests.xctest */ = {isa = PBXFileReference; explicitFileType = wrapper.cfbundle; includeInIndex = 0; path = "Alexander-tvOS-Tests.xctest"; sourceTree = BUILT_PRODUCTS_DIR; };
		3A512EF51BE169A00091A124 /* Alexander.framework */ = {isa = PBXFileReference; explicitFileType = wrapper.framework; includeInIndex = 0; path = Alexander.framework; sourceTree = BUILT_PRODUCTS_DIR; };
		3A512EFD1BE16AC00091A124 /* Alexander.h */ = {isa = PBXFileReference; lastKnownFileType = sourcecode.c.h; path = Alexander.h; sourceTree = "<group>"; };
		3A512EFE1BE16AC00091A124 /* Info.plist */ = {isa = PBXFileReference; lastKnownFileType = text.plist.xml; path = Info.plist; sourceTree = "<group>"; };
		3A512EFF1BE16AC60091A124 /* Alexander.h */ = {isa = PBXFileReference; lastKnownFileType = sourcecode.c.h; path = Alexander.h; sourceTree = "<group>"; };
		3A512F001BE16AC60091A124 /* Info.plist */ = {isa = PBXFileReference; lastKnownFileType = text.plist.xml; path = Info.plist; sourceTree = "<group>"; };
		3A512F0E1BE16BB60091A124 /* Info.plist */ = {isa = PBXFileReference; lastKnownFileType = text.plist.xml; path = Info.plist; sourceTree = "<group>"; };
		3A512F101BE16BB60091A124 /* Info.plist */ = {isa = PBXFileReference; lastKnownFileType = text.plist.xml; path = Info.plist; sourceTree = "<group>"; };
		3A512F121BE16BB60091A124 /* Info.plist */ = {isa = PBXFileReference; lastKnownFileType = text.plist.xml; path = Info.plist; sourceTree = "<group>"; };
		3AA08DDE1BFE4FCD001BCA4D /* EncoderType.swift */ = {isa = PBXFileReference; fileEncoding = 4; lastKnownFileType = sourcecode.swift; path = EncoderType.swift; sourceTree = "<group>"; };
		3AA3087F1C62C25B004B06C3 /* .gitignore */ = {isa = PBXFileReference; lastKnownFileType = text; path = .gitignore; sourceTree = "<group>"; };
		3AA308811C62C25B004B06C3 /* Common.xcconfig */ = {isa = PBXFileReference; lastKnownFileType = text.xcconfig; path = Common.xcconfig; sourceTree = "<group>"; };
		3AA308831C62C25B004B06C3 /* Debug.xcconfig */ = {isa = PBXFileReference; lastKnownFileType = text.xcconfig; path = Debug.xcconfig; sourceTree = "<group>"; };
		3AA308841C62C25B004B06C3 /* Profile.xcconfig */ = {isa = PBXFileReference; lastKnownFileType = text.xcconfig; path = Profile.xcconfig; sourceTree = "<group>"; };
		3AA308851C62C25B004B06C3 /* Release.xcconfig */ = {isa = PBXFileReference; lastKnownFileType = text.xcconfig; path = Release.xcconfig; sourceTree = "<group>"; };
		3AA308861C62C25B004B06C3 /* Test.xcconfig */ = {isa = PBXFileReference; lastKnownFileType = text.xcconfig; path = Test.xcconfig; sourceTree = "<group>"; };
		3AA308881C62C25B004B06C3 /* Application.xcconfig */ = {isa = PBXFileReference; lastKnownFileType = text.xcconfig; path = Application.xcconfig; sourceTree = "<group>"; };
		3AA308891C62C25B004B06C3 /* Framework.xcconfig */ = {isa = PBXFileReference; lastKnownFileType = text.xcconfig; path = Framework.xcconfig; sourceTree = "<group>"; };
		3AA3088A1C62C25B004B06C3 /* StaticLibrary.xcconfig */ = {isa = PBXFileReference; lastKnownFileType = text.xcconfig; path = StaticLibrary.xcconfig; sourceTree = "<group>"; };
		3AA3088E1C62C25B004B06C3 /* 786365BD-ECBF-3DA8-9CA5-03AA56FAFA10.bcsymbolmap */ = {isa = PBXFileReference; lastKnownFileType = text; path = "786365BD-ECBF-3DA8-9CA5-03AA56FAFA10.bcsymbolmap"; sourceTree = "<group>"; };
		3AA3088F1C62C25B004B06C3 /* Alexander.framework */ = {isa = PBXFileReference; lastKnownFileType = wrapper.framework; path = Alexander.framework; sourceTree = "<group>"; };
		3AA308901C62C25B004B06C3 /* Alexander.framework.dSYM */ = {isa = PBXFileReference; lastKnownFileType = wrapper.dsym; path = Alexander.framework.dSYM; sourceTree = "<group>"; };
		3AA308911C62C25B004B06C3 /* ECC6CF6C-679E-32E0-808A-5E6802848E60.bcsymbolmap */ = {isa = PBXFileReference; lastKnownFileType = text; path = "ECC6CF6C-679E-32E0-808A-5E6802848E60.bcsymbolmap"; sourceTree = "<group>"; };
		3AA308931C62C25B004B06C3 /* Alexander.framework */ = {isa = PBXFileReference; lastKnownFileType = wrapper.framework; path = Alexander.framework; sourceTree = "<group>"; };
		3AA308941C62C25B004B06C3 /* Alexander.framework.dSYM */ = {isa = PBXFileReference; lastKnownFileType = wrapper.dsym; path = Alexander.framework.dSYM; sourceTree = "<group>"; };
		3AA308961C62C25B004B06C3 /* Alexander.framework */ = {isa = PBXFileReference; lastKnownFileType = wrapper.framework; path = Alexander.framework; sourceTree = "<group>"; };
		3AA308971C62C25B004B06C3 /* Alexander.framework.dSYM */ = {isa = PBXFileReference; lastKnownFileType = wrapper.dsym; path = Alexander.framework.dSYM; sourceTree = "<group>"; };
		3AA308981C62C25B004B06C3 /* B72DDD5F-0D98-396D-8F44-D558DBCC71A8.bcsymbolmap */ = {isa = PBXFileReference; lastKnownFileType = text; path = "B72DDD5F-0D98-396D-8F44-D558DBCC71A8.bcsymbolmap"; sourceTree = "<group>"; };
		3AA3089A1C62C25B004B06C3 /* 9B950C85-EC6C-31E7-BCF2-8EACC835369E.bcsymbolmap */ = {isa = PBXFileReference; lastKnownFileType = text; path = "9B950C85-EC6C-31E7-BCF2-8EACC835369E.bcsymbolmap"; sourceTree = "<group>"; };
		3AA3089B1C62C25B004B06C3 /* Alexander.framework */ = {isa = PBXFileReference; lastKnownFileType = wrapper.framework; path = Alexander.framework; sourceTree = "<group>"; };
		3AA3089C1C62C25B004B06C3 /* Alexander.framework.dSYM */ = {isa = PBXFileReference; lastKnownFileType = wrapper.dsym; path = Alexander.framework.dSYM; sourceTree = "<group>"; };
		3AA3089E1C62C25B004B06C3 /* iOS-Application.xcconfig */ = {isa = PBXFileReference; lastKnownFileType = text.xcconfig; path = "iOS-Application.xcconfig"; sourceTree = "<group>"; };
		3AA3089F1C62C25B004B06C3 /* iOS-Base.xcconfig */ = {isa = PBXFileReference; lastKnownFileType = text.xcconfig; path = "iOS-Base.xcconfig"; sourceTree = "<group>"; };
		3AA308A01C62C25B004B06C3 /* iOS-Framework.xcconfig */ = {isa = PBXFileReference; lastKnownFileType = text.xcconfig; path = "iOS-Framework.xcconfig"; sourceTree = "<group>"; };
		3AA308A11C62C25B004B06C3 /* iOS-StaticLibrary.xcconfig */ = {isa = PBXFileReference; lastKnownFileType = text.xcconfig; path = "iOS-StaticLibrary.xcconfig"; sourceTree = "<group>"; };
		3AA308A31C62C25B004B06C3 /* Mac-Application.xcconfig */ = {isa = PBXFileReference; lastKnownFileType = text.xcconfig; path = "Mac-Application.xcconfig"; sourceTree = "<group>"; };
		3AA308A41C62C25B004B06C3 /* Mac-Base.xcconfig */ = {isa = PBXFileReference; lastKnownFileType = text.xcconfig; path = "Mac-Base.xcconfig"; sourceTree = "<group>"; };
		3AA308A51C62C25B004B06C3 /* Mac-DynamicLibrary.xcconfig */ = {isa = PBXFileReference; lastKnownFileType = text.xcconfig; path = "Mac-DynamicLibrary.xcconfig"; sourceTree = "<group>"; };
		3AA308A61C62C25B004B06C3 /* Mac-Framework.xcconfig */ = {isa = PBXFileReference; lastKnownFileType = text.xcconfig; path = "Mac-Framework.xcconfig"; sourceTree = "<group>"; };
		3AA308A71C62C25B004B06C3 /* Mac-StaticLibrary.xcconfig */ = {isa = PBXFileReference; lastKnownFileType = text.xcconfig; path = "Mac-StaticLibrary.xcconfig"; sourceTree = "<group>"; };
		3AA308A81C62C25B004B06C3 /* README.md */ = {isa = PBXFileReference; lastKnownFileType = net.daringfireball.markdown; path = README.md; sourceTree = "<group>"; };
		3AA308AA1C62C25B004B06C3 /* tvOS-Application.xcconfig */ = {isa = PBXFileReference; lastKnownFileType = text.xcconfig; path = "tvOS-Application.xcconfig"; sourceTree = "<group>"; };
		3AA308AB1C62C25B004B06C3 /* tvOS-Base.xcconfig */ = {isa = PBXFileReference; lastKnownFileType = text.xcconfig; path = "tvOS-Base.xcconfig"; sourceTree = "<group>"; };
		3AA308AC1C62C25B004B06C3 /* tvOS-Framework.xcconfig */ = {isa = PBXFileReference; lastKnownFileType = text.xcconfig; path = "tvOS-Framework.xcconfig"; sourceTree = "<group>"; };
		3AA308AD1C62C25B004B06C3 /* tvOS-StaticLibrary.xcconfig */ = {isa = PBXFileReference; lastKnownFileType = text.xcconfig; path = "tvOS-StaticLibrary.xcconfig"; sourceTree = "<group>"; };
		3AA308AF1C62C25B004B06C3 /* watchOS-Application.xcconfig */ = {isa = PBXFileReference; lastKnownFileType = text.xcconfig; path = "watchOS-Application.xcconfig"; sourceTree = "<group>"; };
		3AA308B01C62C25B004B06C3 /* watchOS-Base.xcconfig */ = {isa = PBXFileReference; lastKnownFileType = text.xcconfig; path = "watchOS-Base.xcconfig"; sourceTree = "<group>"; };
		3AA308B11C62C25B004B06C3 /* watchOS-Framework.xcconfig */ = {isa = PBXFileReference; lastKnownFileType = text.xcconfig; path = "watchOS-Framework.xcconfig"; sourceTree = "<group>"; };
		3AA308B21C62C25B004B06C3 /* watchOS-StaticLibrary.xcconfig */ = {isa = PBXFileReference; lastKnownFileType = text.xcconfig; path = "watchOS-StaticLibrary.xcconfig"; sourceTree = "<group>"; };
		3AE5C3931BFD3EBC00F1080F /* AlexanderTests.swift */ = {isa = PBXFileReference; fileEncoding = 4; lastKnownFileType = sourcecode.swift; path = AlexanderTests.swift; sourceTree = "<group>"; };
		3AE5C39B1BFD522300F1080F /* DecoderType.swift */ = {isa = PBXFileReference; fileEncoding = 4; lastKnownFileType = sourcecode.swift; path = DecoderType.swift; sourceTree = "<group>"; };
		3AE5C3A01BFD551800F1080F /* UserDecoderTests.swift */ = {isa = PBXFileReference; fileEncoding = 4; lastKnownFileType = sourcecode.swift; path = UserDecoderTests.swift; sourceTree = "<group>"; };
		3BEDAE1F1B5DC30500AD52FE /* Alexander.framework */ = {isa = PBXFileReference; explicitFileType = wrapper.framework; includeInIndex = 0; path = Alexander.framework; sourceTree = BUILT_PRODUCTS_DIR; };
		3BEDAE2A1B5DC30500AD52FE /* Alexander-iOS-Tests.xctest */ = {isa = PBXFileReference; explicitFileType = wrapper.cfbundle; includeInIndex = 0; path = "Alexander-iOS-Tests.xctest"; sourceTree = BUILT_PRODUCTS_DIR; };
		3BEDAE5C1B5DC4B200AD52FE /* JSON.swift */ = {isa = PBXFileReference; fileEncoding = 4; lastKnownFileType = sourcecode.swift; path = JSON.swift; sourceTree = "<group>"; };
		3BEDAE641B5DC4EC00AD52FE /* Alexander.framework */ = {isa = PBXFileReference; explicitFileType = wrapper.framework; includeInIndex = 0; path = Alexander.framework; sourceTree = BUILT_PRODUCTS_DIR; };
		3BEDAE6E1B5DC4EC00AD52FE /* Alexander-macOS-Tests.xctest */ = {isa = PBXFileReference; explicitFileType = wrapper.cfbundle; includeInIndex = 0; path = "Alexander-macOS-Tests.xctest"; sourceTree = BUILT_PRODUCTS_DIR; };
/* End PBXFileReference section */

/* Begin PBXFrameworksBuildPhase section */
		3A512ED51BE169910091A124 /* Frameworks */ = {
			isa = PBXFrameworksBuildPhase;
			buildActionMask = 2147483647;
			files = (
			);
			runOnlyForDeploymentPostprocessing = 0;
		};
		3A512EDF1BE169920091A124 /* Frameworks */ = {
			isa = PBXFrameworksBuildPhase;
			buildActionMask = 2147483647;
			files = (
				3A512EE31BE169920091A124 /* Alexander.framework in Frameworks */,
			);
			runOnlyForDeploymentPostprocessing = 0;
		};
		3A512EF11BE169A00091A124 /* Frameworks */ = {
			isa = PBXFrameworksBuildPhase;
			buildActionMask = 2147483647;
			files = (
			);
			runOnlyForDeploymentPostprocessing = 0;
		};
		3BEDAE1B1B5DC30500AD52FE /* Frameworks */ = {
			isa = PBXFrameworksBuildPhase;
			buildActionMask = 2147483647;
			files = (
			);
			runOnlyForDeploymentPostprocessing = 0;
		};
		3BEDAE271B5DC30500AD52FE /* Frameworks */ = {
			isa = PBXFrameworksBuildPhase;
			buildActionMask = 2147483647;
			files = (
				3BEDAE2B1B5DC30500AD52FE /* Alexander.framework in Frameworks */,
			);
			runOnlyForDeploymentPostprocessing = 0;
		};
		3BEDAE601B5DC4EC00AD52FE /* Frameworks */ = {
			isa = PBXFrameworksBuildPhase;
			buildActionMask = 2147483647;
			files = (
			);
			runOnlyForDeploymentPostprocessing = 0;
		};
		3BEDAE6B1B5DC4EC00AD52FE /* Frameworks */ = {
			isa = PBXFrameworksBuildPhase;
			buildActionMask = 2147483647;
			files = (
				3BEDAE6F1B5DC4EC00AD52FE /* Alexander.framework in Frameworks */,
			);
			runOnlyForDeploymentPostprocessing = 0;
		};
/* End PBXFrameworksBuildPhase section */

/* Begin PBXGroup section */
		3A512EC91BE168C30091A124 /* Platforms */ = {
			isa = PBXGroup;
			children = (
				3A512ECA1BE168C30091A124 /* iOS */,
				3A512ECD1BE168C30091A124 /* macOS */,
				3A512ED01BE168C30091A124 /* tvOS */,
				3A512ED11BE168C30091A124 /* watchOS */,
			);
			path = Platforms;
			sourceTree = "<group>";
		};
		3A512ECA1BE168C30091A124 /* iOS */ = {
			isa = PBXGroup;
			children = (
				3A512ECB1BE168C30091A124 /* Alexander.h */,
				3A512ECC1BE168C30091A124 /* Info.plist */,
			);
			path = iOS;
			sourceTree = "<group>";
		};
		3A512ECD1BE168C30091A124 /* macOS */ = {
			isa = PBXGroup;
			children = (
				3A512ECE1BE168C30091A124 /* Alexander.h */,
				3A512ECF1BE168C30091A124 /* Info.plist */,
			);
			path = macOS;
			sourceTree = "<group>";
		};
		3A512ED01BE168C30091A124 /* tvOS */ = {
			isa = PBXGroup;
			children = (
				3A512EFD1BE16AC00091A124 /* Alexander.h */,
				3A512EFE1BE16AC00091A124 /* Info.plist */,
			);
			path = tvOS;
			sourceTree = "<group>";
		};
		3A512ED11BE168C30091A124 /* watchOS */ = {
			isa = PBXGroup;
			children = (
				3A512EFF1BE16AC60091A124 /* Alexander.h */,
				3A512F001BE16AC60091A124 /* Info.plist */,
			);
			path = watchOS;
			sourceTree = "<group>";
		};
		3A512F0A1BE16BB60091A124 /* Tests */ = {
			isa = PBXGroup;
			children = (
				3AE5C3931BFD3EBC00F1080F /* AlexanderTests.swift */,
				3AE5C3A01BFD551800F1080F /* UserDecoderTests.swift */,
				3A512F0C1BE16BB60091A124 /* Platforms */,
			);
			path = Tests;
			sourceTree = "<group>";
		};
		3A512F0C1BE16BB60091A124 /* Platforms */ = {
			isa = PBXGroup;
			children = (
				3A512F0D1BE16BB60091A124 /* iOS */,
				3A512F0F1BE16BB60091A124 /* macOS */,
				3A512F111BE16BB60091A124 /* tvOS */,
			);
			path = Platforms;
			sourceTree = "<group>";
		};
		3A512F0D1BE16BB60091A124 /* iOS */ = {
			isa = PBXGroup;
			children = (
				3A512F0E1BE16BB60091A124 /* Info.plist */,
			);
			path = iOS;
			sourceTree = "<group>";
		};
		3A512F0F1BE16BB60091A124 /* macOS */ = {
			isa = PBXGroup;
			children = (
				3A512F101BE16BB60091A124 /* Info.plist */,
			);
			path = macOS;
			sourceTree = "<group>";
		};
		3A512F111BE16BB60091A124 /* tvOS */ = {
			isa = PBXGroup;
			children = (
				3A512F121BE16BB60091A124 /* Info.plist */,
			);
			path = tvOS;
			sourceTree = "<group>";
		};
		3AA3087E1C62C25B004B06C3 /* Configuration */ = {
			isa = PBXGroup;
			children = (
				3AA3087F1C62C25B004B06C3 /* .gitignore */,
				3AA308801C62C25B004B06C3 /* Base */,
				3AA3088B1C62C25B004B06C3 /* Carthage */,
				3AA3089D1C62C25B004B06C3 /* iOS */,
				3AA308A21C62C25B004B06C3 /* Mac OS X */,
				3AA308A81C62C25B004B06C3 /* README.md */,
				3AA308A91C62C25B004B06C3 /* tvOS */,
				3AA308AE1C62C25B004B06C3 /* watchOS */,
			);
			name = Configuration;
			path = Carthage/Checkouts/xcconfigs;
			sourceTree = "<group>";
		};
		3AA308801C62C25B004B06C3 /* Base */ = {
			isa = PBXGroup;
			children = (
				3AA308811C62C25B004B06C3 /* Common.xcconfig */,
				3AA308821C62C25B004B06C3 /* Configurations */,
				3AA308871C62C25B004B06C3 /* Targets */,
			);
			path = Base;
			sourceTree = "<group>";
		};
		3AA308821C62C25B004B06C3 /* Configurations */ = {
			isa = PBXGroup;
			children = (
				3AA308831C62C25B004B06C3 /* Debug.xcconfig */,
				3AA308841C62C25B004B06C3 /* Profile.xcconfig */,
				3AA308851C62C25B004B06C3 /* Release.xcconfig */,
				3AA308861C62C25B004B06C3 /* Test.xcconfig */,
			);
			path = Configurations;
			sourceTree = "<group>";
		};
		3AA308871C62C25B004B06C3 /* Targets */ = {
			isa = PBXGroup;
			children = (
				3AA308881C62C25B004B06C3 /* Application.xcconfig */,
				3AA308891C62C25B004B06C3 /* Framework.xcconfig */,
				3AA3088A1C62C25B004B06C3 /* StaticLibrary.xcconfig */,
			);
			path = Targets;
			sourceTree = "<group>";
		};
		3AA3088B1C62C25B004B06C3 /* Carthage */ = {
			isa = PBXGroup;
			children = (
				3AA3088C1C62C25B004B06C3 /* Build */,
			);
			path = Carthage;
			sourceTree = "<group>";
		};
		3AA3088C1C62C25B004B06C3 /* Build */ = {
			isa = PBXGroup;
			children = (
				3AA3088D1C62C25B004B06C3 /* iOS */,
				3AA308921C62C25B004B06C3 /* Mac */,
				3AA308951C62C25B004B06C3 /* tvOS */,
				3AA308991C62C25B004B06C3 /* watchOS */,
			);
			path = Build;
			sourceTree = "<group>";
		};
		3AA3088D1C62C25B004B06C3 /* iOS */ = {
			isa = PBXGroup;
			children = (
				3AA3088E1C62C25B004B06C3 /* 786365BD-ECBF-3DA8-9CA5-03AA56FAFA10.bcsymbolmap */,
				3AA3088F1C62C25B004B06C3 /* Alexander.framework */,
				3AA308901C62C25B004B06C3 /* Alexander.framework.dSYM */,
				3AA308911C62C25B004B06C3 /* ECC6CF6C-679E-32E0-808A-5E6802848E60.bcsymbolmap */,
			);
			path = iOS;
			sourceTree = "<group>";
		};
		3AA308921C62C25B004B06C3 /* Mac */ = {
			isa = PBXGroup;
			children = (
				3AA308931C62C25B004B06C3 /* Alexander.framework */,
				3AA308941C62C25B004B06C3 /* Alexander.framework.dSYM */,
			);
			path = Mac;
			sourceTree = "<group>";
		};
		3AA308951C62C25B004B06C3 /* tvOS */ = {
			isa = PBXGroup;
			children = (
				3AA308961C62C25B004B06C3 /* Alexander.framework */,
				3AA308971C62C25B004B06C3 /* Alexander.framework.dSYM */,
				3AA308981C62C25B004B06C3 /* B72DDD5F-0D98-396D-8F44-D558DBCC71A8.bcsymbolmap */,
			);
			path = tvOS;
			sourceTree = "<group>";
		};
		3AA308991C62C25B004B06C3 /* watchOS */ = {
			isa = PBXGroup;
			children = (
				3AA3089A1C62C25B004B06C3 /* 9B950C85-EC6C-31E7-BCF2-8EACC835369E.bcsymbolmap */,
				3AA3089B1C62C25B004B06C3 /* Alexander.framework */,
				3AA3089C1C62C25B004B06C3 /* Alexander.framework.dSYM */,
			);
			path = watchOS;
			sourceTree = "<group>";
		};
		3AA3089D1C62C25B004B06C3 /* iOS */ = {
			isa = PBXGroup;
			children = (
				3AA3089E1C62C25B004B06C3 /* iOS-Application.xcconfig */,
				3AA3089F1C62C25B004B06C3 /* iOS-Base.xcconfig */,
				3AA308A01C62C25B004B06C3 /* iOS-Framework.xcconfig */,
				3AA308A11C62C25B004B06C3 /* iOS-StaticLibrary.xcconfig */,
			);
			path = iOS;
			sourceTree = "<group>";
		};
		3AA308A21C62C25B004B06C3 /* Mac OS X */ = {
			isa = PBXGroup;
			children = (
				3AA308A31C62C25B004B06C3 /* Mac-Application.xcconfig */,
				3AA308A41C62C25B004B06C3 /* Mac-Base.xcconfig */,
				3AA308A51C62C25B004B06C3 /* Mac-DynamicLibrary.xcconfig */,
				3AA308A61C62C25B004B06C3 /* Mac-Framework.xcconfig */,
				3AA308A71C62C25B004B06C3 /* Mac-StaticLibrary.xcconfig */,
			);
			path = "Mac OS X";
			sourceTree = "<group>";
		};
		3AA308A91C62C25B004B06C3 /* tvOS */ = {
			isa = PBXGroup;
			children = (
				3AA308AA1C62C25B004B06C3 /* tvOS-Application.xcconfig */,
				3AA308AB1C62C25B004B06C3 /* tvOS-Base.xcconfig */,
				3AA308AC1C62C25B004B06C3 /* tvOS-Framework.xcconfig */,
				3AA308AD1C62C25B004B06C3 /* tvOS-StaticLibrary.xcconfig */,
			);
			path = tvOS;
			sourceTree = "<group>";
		};
		3AA308AE1C62C25B004B06C3 /* watchOS */ = {
			isa = PBXGroup;
			children = (
				3AA308AF1C62C25B004B06C3 /* watchOS-Application.xcconfig */,
				3AA308B01C62C25B004B06C3 /* watchOS-Base.xcconfig */,
				3AA308B11C62C25B004B06C3 /* watchOS-Framework.xcconfig */,
				3AA308B21C62C25B004B06C3 /* watchOS-StaticLibrary.xcconfig */,
			);
			path = watchOS;
			sourceTree = "<group>";
		};
		3BEDAE151B5DC30500AD52FE = {
			isa = PBXGroup;
			children = (
				3BEDAE5B1B5DC4B200AD52FE /* Alexander */,
				3A512F0A1BE16BB60091A124 /* Tests */,
				3AA3087E1C62C25B004B06C3 /* Configuration */,
				3BEDAE201B5DC30500AD52FE /* Products */,
			);
			sourceTree = "<group>";
		};
		3BEDAE201B5DC30500AD52FE /* Products */ = {
			isa = PBXGroup;
			children = (
				3BEDAE1F1B5DC30500AD52FE /* Alexander.framework */,
				3BEDAE2A1B5DC30500AD52FE /* Alexander-iOS-Tests.xctest */,
				3BEDAE641B5DC4EC00AD52FE /* Alexander.framework */,
				3BEDAE6E1B5DC4EC00AD52FE /* Alexander-macOS-Tests.xctest */,
				3A512ED91BE169910091A124 /* Alexander.framework */,
				3A512EE21BE169920091A124 /* Alexander-tvOS-Tests.xctest */,
				3A512EF51BE169A00091A124 /* Alexander.framework */,
			);
			name = Products;
			sourceTree = "<group>";
		};
		3BEDAE5B1B5DC4B200AD52FE /* Alexander */ = {
			isa = PBXGroup;
			children = (
				3BEDAE5C1B5DC4B200AD52FE /* JSON.swift */,
				3AE5C39B1BFD522300F1080F /* DecoderType.swift */,
				3AA08DDE1BFE4FCD001BCA4D /* EncoderType.swift */,
				3A1F244C1D11925C0021EEBC /* AlexanderError.swift */,
				3A1F24501D1192850021EEBC /* Dictionary+MapValues.swift */,
				3A512EC91BE168C30091A124 /* Platforms */,
			);
			path = Alexander;
			sourceTree = "<group>";
		};
/* End PBXGroup section */

/* Begin PBXHeadersBuildPhase section */
		3A512ED61BE169910091A124 /* Headers */ = {
			isa = PBXHeadersBuildPhase;
			buildActionMask = 2147483647;
			files = (
				3A512F021BE16AD10091A124 /* Alexander.h in Headers */,
			);
			runOnlyForDeploymentPostprocessing = 0;
		};
		3A512EF21BE169A00091A124 /* Headers */ = {
			isa = PBXHeadersBuildPhase;
			buildActionMask = 2147483647;
			files = (
				3A512F031BE16AD60091A124 /* Alexander.h in Headers */,
			);
			runOnlyForDeploymentPostprocessing = 0;
		};
		3BEDAE1C1B5DC30500AD52FE /* Headers */ = {
			isa = PBXHeadersBuildPhase;
			buildActionMask = 2147483647;
			files = (
				3A512ED21BE169390091A124 /* Alexander.h in Headers */,
			);
			runOnlyForDeploymentPostprocessing = 0;
		};
		3BEDAE611B5DC4EC00AD52FE /* Headers */ = {
			isa = PBXHeadersBuildPhase;
			buildActionMask = 2147483647;
			files = (
				3A512ED31BE1693C0091A124 /* Alexander.h in Headers */,
			);
			runOnlyForDeploymentPostprocessing = 0;
		};
/* End PBXHeadersBuildPhase section */

/* Begin PBXNativeTarget section */
		3A512ED81BE169910091A124 /* Alexander-tvOS */ = {
			isa = PBXNativeTarget;
			buildConfigurationList = 3A512EEA1BE169920091A124 /* Build configuration list for PBXNativeTarget "Alexander-tvOS" */;
			buildPhases = (
				3A512ED41BE169910091A124 /* Sources */,
				3A512ED51BE169910091A124 /* Frameworks */,
				3A512ED61BE169910091A124 /* Headers */,
				3A512ED71BE169910091A124 /* Resources */,
			);
			buildRules = (
			);
			dependencies = (
			);
			name = "Alexander-tvOS";
			productName = "Alexander tvOS";
			productReference = 3A512ED91BE169910091A124 /* Alexander.framework */;
			productType = "com.apple.product-type.framework";
		};
		3A512EE11BE169920091A124 /* Alexander-tvOS-Tests */ = {
			isa = PBXNativeTarget;
			buildConfigurationList = 3A512EED1BE169920091A124 /* Build configuration list for PBXNativeTarget "Alexander-tvOS-Tests" */;
			buildPhases = (
				3A512EDE1BE169920091A124 /* Sources */,
				3A512EDF1BE169920091A124 /* Frameworks */,
				3A512EE01BE169920091A124 /* Resources */,
			);
			buildRules = (
			);
			dependencies = (
				3A512EE51BE169920091A124 /* PBXTargetDependency */,
			);
			name = "Alexander-tvOS-Tests";
			productName = "Alexander tvOSTests";
			productReference = 3A512EE21BE169920091A124 /* Alexander-tvOS-Tests.xctest */;
			productType = "com.apple.product-type.bundle.unit-test";
		};
		3A512EF41BE169A00091A124 /* Alexander-watchOS */ = {
			isa = PBXNativeTarget;
			buildConfigurationList = 3A512EFA1BE169A00091A124 /* Build configuration list for PBXNativeTarget "Alexander-watchOS" */;
			buildPhases = (
				3A512EF01BE169A00091A124 /* Sources */,
				3A512EF11BE169A00091A124 /* Frameworks */,
				3A512EF21BE169A00091A124 /* Headers */,
				3A512EF31BE169A00091A124 /* Resources */,
			);
			buildRules = (
			);
			dependencies = (
			);
			name = "Alexander-watchOS";
			productName = "Alexander watchOS";
			productReference = 3A512EF51BE169A00091A124 /* Alexander.framework */;
			productType = "com.apple.product-type.framework";
		};
		3BEDAE1E1B5DC30500AD52FE /* Alexander-iOS */ = {
			isa = PBXNativeTarget;
			buildConfigurationList = 3BEDAE351B5DC30500AD52FE /* Build configuration list for PBXNativeTarget "Alexander-iOS" */;
			buildPhases = (
				3BEDAE1A1B5DC30500AD52FE /* Sources */,
				3BEDAE1B1B5DC30500AD52FE /* Frameworks */,
				3BEDAE1C1B5DC30500AD52FE /* Headers */,
				3BEDAE1D1B5DC30500AD52FE /* Resources */,
			);
			buildRules = (
			);
			dependencies = (
			);
			name = "Alexander-iOS";
			productName = Alexander;
			productReference = 3BEDAE1F1B5DC30500AD52FE /* Alexander.framework */;
			productType = "com.apple.product-type.framework";
		};
		3BEDAE291B5DC30500AD52FE /* Alexander-iOS-Tests */ = {
			isa = PBXNativeTarget;
			buildConfigurationList = 3BEDAE381B5DC30500AD52FE /* Build configuration list for PBXNativeTarget "Alexander-iOS-Tests" */;
			buildPhases = (
				3BEDAE261B5DC30500AD52FE /* Sources */,
				3BEDAE271B5DC30500AD52FE /* Frameworks */,
				3BEDAE281B5DC30500AD52FE /* Resources */,
			);
			buildRules = (
			);
			dependencies = (
				3BEDAE2D1B5DC30500AD52FE /* PBXTargetDependency */,
			);
			name = "Alexander-iOS-Tests";
			productName = AlexanderTests;
			productReference = 3BEDAE2A1B5DC30500AD52FE /* Alexander-iOS-Tests.xctest */;
			productType = "com.apple.product-type.bundle.unit-test";
		};
		3BEDAE631B5DC4EC00AD52FE /* Alexander-macOS */ = {
			isa = PBXNativeTarget;
			buildConfigurationList = 3BEDAE771B5DC4EC00AD52FE /* Build configuration list for PBXNativeTarget "Alexander-macOS" */;
			buildPhases = (
				3BEDAE5F1B5DC4EC00AD52FE /* Sources */,
				3BEDAE601B5DC4EC00AD52FE /* Frameworks */,
				3BEDAE611B5DC4EC00AD52FE /* Headers */,
				3BEDAE621B5DC4EC00AD52FE /* Resources */,
			);
			buildRules = (
			);
			dependencies = (
			);
			name = "Alexander-macOS";
			productName = "Alexander OS X";
			productReference = 3BEDAE641B5DC4EC00AD52FE /* Alexander.framework */;
			productType = "com.apple.product-type.framework";
		};
		3BEDAE6D1B5DC4EC00AD52FE /* Alexander-macOS-Tests */ = {
			isa = PBXNativeTarget;
			buildConfigurationList = 3BEDAE7A1B5DC4EC00AD52FE /* Build configuration list for PBXNativeTarget "Alexander-macOS-Tests" */;
			buildPhases = (
				3BEDAE6A1B5DC4EC00AD52FE /* Sources */,
				3BEDAE6B1B5DC4EC00AD52FE /* Frameworks */,
				3BEDAE6C1B5DC4EC00AD52FE /* Resources */,
			);
			buildRules = (
			);
			dependencies = (
				3BEDAE711B5DC4EC00AD52FE /* PBXTargetDependency */,
			);
			name = "Alexander-macOS-Tests";
			productName = "Alexander OS XTests";
			productReference = 3BEDAE6E1B5DC4EC00AD52FE /* Alexander-macOS-Tests.xctest */;
			productType = "com.apple.product-type.bundle.unit-test";
		};
/* End PBXNativeTarget section */

/* Begin PBXProject section */
		3BEDAE161B5DC30500AD52FE /* Project object */ = {
			isa = PBXProject;
			attributes = {
				LastSwiftUpdateCheck = 0710;
				LastUpgradeCheck = 0730;
				ORGANIZATIONNAME = HODINKEE;
				TargetAttributes = {
					3A512ED81BE169910091A124 = {
						CreatedOnToolsVersion = 7.1;
						LastSwiftMigration = 0820;
					};
					3A512EE11BE169920091A124 = {
						CreatedOnToolsVersion = 7.1;
						LastSwiftMigration = 0820;
						ProvisioningStyle = Manual;
					};
					3A512EF41BE169A00091A124 = {
						CreatedOnToolsVersion = 7.1;
						LastSwiftMigration = 0820;
					};
					3BEDAE1E1B5DC30500AD52FE = {
						CreatedOnToolsVersion = 6.4;
						LastSwiftMigration = 0820;
					};
					3BEDAE291B5DC30500AD52FE = {
						CreatedOnToolsVersion = 6.4;
						LastSwiftMigration = 0820;
						ProvisioningStyle = Manual;
					};
					3BEDAE631B5DC4EC00AD52FE = {
						CreatedOnToolsVersion = 6.4;
						LastSwiftMigration = 0820;
					};
					3BEDAE6D1B5DC4EC00AD52FE = {
						CreatedOnToolsVersion = 6.4;
						LastSwiftMigration = 0820;
					};
				};
			};
			buildConfigurationList = 3BEDAE191B5DC30500AD52FE /* Build configuration list for PBXProject "Alexander" */;
			compatibilityVersion = "Xcode 3.2";
			developmentRegion = English;
			hasScannedForEncodings = 0;
			knownRegions = (
				en,
			);
			mainGroup = 3BEDAE151B5DC30500AD52FE;
			productRefGroup = 3BEDAE201B5DC30500AD52FE /* Products */;
			projectDirPath = "";
			projectRoot = "";
			targets = (
				3BEDAE1E1B5DC30500AD52FE /* Alexander-iOS */,
				3BEDAE291B5DC30500AD52FE /* Alexander-iOS-Tests */,
				3BEDAE631B5DC4EC00AD52FE /* Alexander-macOS */,
				3BEDAE6D1B5DC4EC00AD52FE /* Alexander-macOS-Tests */,
				3A512ED81BE169910091A124 /* Alexander-tvOS */,
				3A512EE11BE169920091A124 /* Alexander-tvOS-Tests */,
				3A512EF41BE169A00091A124 /* Alexander-watchOS */,
			);
		};
/* End PBXProject section */

/* Begin PBXResourcesBuildPhase section */
		3A512ED71BE169910091A124 /* Resources */ = {
			isa = PBXResourcesBuildPhase;
			buildActionMask = 2147483647;
			files = (
			);
			runOnlyForDeploymentPostprocessing = 0;
		};
		3A512EE01BE169920091A124 /* Resources */ = {
			isa = PBXResourcesBuildPhase;
			buildActionMask = 2147483647;
			files = (
			);
			runOnlyForDeploymentPostprocessing = 0;
		};
		3A512EF31BE169A00091A124 /* Resources */ = {
			isa = PBXResourcesBuildPhase;
			buildActionMask = 2147483647;
			files = (
			);
			runOnlyForDeploymentPostprocessing = 0;
		};
		3BEDAE1D1B5DC30500AD52FE /* Resources */ = {
			isa = PBXResourcesBuildPhase;
			buildActionMask = 2147483647;
			files = (
			);
			runOnlyForDeploymentPostprocessing = 0;
		};
		3BEDAE281B5DC30500AD52FE /* Resources */ = {
			isa = PBXResourcesBuildPhase;
			buildActionMask = 2147483647;
			files = (
			);
			runOnlyForDeploymentPostprocessing = 0;
		};
		3BEDAE621B5DC4EC00AD52FE /* Resources */ = {
			isa = PBXResourcesBuildPhase;
			buildActionMask = 2147483647;
			files = (
			);
			runOnlyForDeploymentPostprocessing = 0;
		};
		3BEDAE6C1B5DC4EC00AD52FE /* Resources */ = {
			isa = PBXResourcesBuildPhase;
			buildActionMask = 2147483647;
			files = (
			);
			runOnlyForDeploymentPostprocessing = 0;
		};
/* End PBXResourcesBuildPhase section */

/* Begin PBXSourcesBuildPhase section */
		3A512ED41BE169910091A124 /* Sources */ = {
			isa = PBXSourcesBuildPhase;
			buildActionMask = 2147483647;
			files = (
				3A1F24531D1192850021EEBC /* Dictionary+MapValues.swift in Sources */,
				3AE5C39E1BFD522300F1080F /* DecoderType.swift in Sources */,
				3AA08DE11BFE4FCD001BCA4D /* EncoderType.swift in Sources */,
				3A512F041BE16B250091A124 /* JSON.swift in Sources */,
				3A1F244F1D11925C0021EEBC /* AlexanderError.swift in Sources */,
			);
			runOnlyForDeploymentPostprocessing = 0;
		};
		3A512EDE1BE169920091A124 /* Sources */ = {
			isa = PBXSourcesBuildPhase;
			buildActionMask = 2147483647;
			files = (
				3AE5C3961BFD3EBC00F1080F /* AlexanderTests.swift in Sources */,
				3AE5C3A31BFD551800F1080F /* UserDecoderTests.swift in Sources */,
			);
			runOnlyForDeploymentPostprocessing = 0;
		};
		3A512EF01BE169A00091A124 /* Sources */ = {
			isa = PBXSourcesBuildPhase;
			buildActionMask = 2147483647;
			files = (
				3AE5C39F1BFD522300F1080F /* DecoderType.swift in Sources */,
				3A1F24551D1194470021EEBC /* Dictionary+MapValues.swift in Sources */,
				3A1F24541D1194440021EEBC /* AlexanderError.swift in Sources */,
				3AA08DE21BFE4FCD001BCA4D /* EncoderType.swift in Sources */,
				3A512F071BE16B250091A124 /* JSON.swift in Sources */,
			);
			runOnlyForDeploymentPostprocessing = 0;
		};
		3BEDAE1A1B5DC30500AD52FE /* Sources */ = {
			isa = PBXSourcesBuildPhase;
			buildActionMask = 2147483647;
			files = (
				3A1F24511D1192850021EEBC /* Dictionary+MapValues.swift in Sources */,
				3AE5C39C1BFD522300F1080F /* DecoderType.swift in Sources */,
				3AA08DDF1BFE4FCD001BCA4D /* EncoderType.swift in Sources */,
				3A1F244D1D11925C0021EEBC /* AlexanderError.swift in Sources */,
				3BEDAE5D1B5DC4B200AD52FE /* JSON.swift in Sources */,
			);
			runOnlyForDeploymentPostprocessing = 0;
		};
		3BEDAE261B5DC30500AD52FE /* Sources */ = {
			isa = PBXSourcesBuildPhase;
			buildActionMask = 2147483647;
			files = (
				3AE5C3941BFD3EBC00F1080F /* AlexanderTests.swift in Sources */,
				3AE5C3A11BFD551800F1080F /* UserDecoderTests.swift in Sources */,
			);
			runOnlyForDeploymentPostprocessing = 0;
		};
		3BEDAE5F1B5DC4EC00AD52FE /* Sources */ = {
			isa = PBXSourcesBuildPhase;
			buildActionMask = 2147483647;
			files = (
				3A1F24521D1192850021EEBC /* Dictionary+MapValues.swift in Sources */,
				3AE5C39D1BFD522300F1080F /* DecoderType.swift in Sources */,
				3AA08DE01BFE4FCD001BCA4D /* EncoderType.swift in Sources */,
				3A1F244E1D11925C0021EEBC /* AlexanderError.swift in Sources */,
				3BEDAE7D1B5DC58800AD52FE /* JSON.swift in Sources */,
			);
			runOnlyForDeploymentPostprocessing = 0;
		};
		3BEDAE6A1B5DC4EC00AD52FE /* Sources */ = {
			isa = PBXSourcesBuildPhase;
			buildActionMask = 2147483647;
			files = (
				3AE5C3951BFD3EBC00F1080F /* AlexanderTests.swift in Sources */,
				3AE5C3A21BFD551800F1080F /* UserDecoderTests.swift in Sources */,
			);
			runOnlyForDeploymentPostprocessing = 0;
		};
/* End PBXSourcesBuildPhase section */

/* Begin PBXTargetDependency section */
		3A512EE51BE169920091A124 /* PBXTargetDependency */ = {
			isa = PBXTargetDependency;
			target = 3A512ED81BE169910091A124 /* Alexander-tvOS */;
			targetProxy = 3A512EE41BE169920091A124 /* PBXContainerItemProxy */;
		};
		3BEDAE2D1B5DC30500AD52FE /* PBXTargetDependency */ = {
			isa = PBXTargetDependency;
			target = 3BEDAE1E1B5DC30500AD52FE /* Alexander-iOS */;
			targetProxy = 3BEDAE2C1B5DC30500AD52FE /* PBXContainerItemProxy */;
		};
		3BEDAE711B5DC4EC00AD52FE /* PBXTargetDependency */ = {
			isa = PBXTargetDependency;
			target = 3BEDAE631B5DC4EC00AD52FE /* Alexander-macOS */;
			targetProxy = 3BEDAE701B5DC4EC00AD52FE /* PBXContainerItemProxy */;
		};
/* End PBXTargetDependency section */

/* Begin XCBuildConfiguration section */
		3A512EEB1BE169920091A124 /* Debug */ = {
			isa = XCBuildConfiguration;
			baseConfigurationReference = 3AA308AC1C62C25B004B06C3 /* tvOS-Framework.xcconfig */;
			buildSettings = {
				DYLIB_COMPATIBILITY_VERSION = 1;
				DYLIB_CURRENT_VERSION = 13;
				INFOPLIST_FILE = Alexander/Platforms/tvOS/Info.plist;
				PRODUCT_BUNDLE_IDENTIFIER = "com.hodinkee.$(PRODUCT_NAME:rfc1034identifier)";
				SWIFT_VERSION = 3.0;
			};
			name = Debug;
		};
		3A512EEC1BE169920091A124 /* Release */ = {
			isa = XCBuildConfiguration;
			baseConfigurationReference = 3AA308AC1C62C25B004B06C3 /* tvOS-Framework.xcconfig */;
			buildSettings = {
				DYLIB_COMPATIBILITY_VERSION = 1;
				DYLIB_CURRENT_VERSION = 13;
				INFOPLIST_FILE = Alexander/Platforms/tvOS/Info.plist;
				PRODUCT_BUNDLE_IDENTIFIER = "com.hodinkee.$(PRODUCT_NAME:rfc1034identifier)";
				SWIFT_VERSION = 3.0;
			};
			name = Release;
		};
		3A512EEE1BE169920091A124 /* Debug */ = {
			isa = XCBuildConfiguration;
			baseConfigurationReference = 3AA308AA1C62C25B004B06C3 /* tvOS-Application.xcconfig */;
			buildSettings = {
				INFOPLIST_FILE = Tests/Platforms/tvOS/Info.plist;
				PRODUCT_BUNDLE_IDENTIFIER = "com.hodinkee.$(PRODUCT_NAME:rfc1034identifier)";
				PRODUCT_NAME = "$(TARGET_NAME)";
				SWIFT_VERSION = 3.0;
			};
			name = Debug;
		};
		3A512EEF1BE169920091A124 /* Release */ = {
			isa = XCBuildConfiguration;
			baseConfigurationReference = 3AA308AA1C62C25B004B06C3 /* tvOS-Application.xcconfig */;
			buildSettings = {
				INFOPLIST_FILE = Tests/Platforms/tvOS/Info.plist;
				PRODUCT_BUNDLE_IDENTIFIER = "com.hodinkee.$(PRODUCT_NAME:rfc1034identifier)";
				PRODUCT_NAME = "$(TARGET_NAME)";
				SWIFT_VERSION = 3.0;
			};
			name = Release;
		};
		3A512EFB1BE169A00091A124 /* Debug */ = {
			isa = XCBuildConfiguration;
			baseConfigurationReference = 3AA308B11C62C25B004B06C3 /* watchOS-Framework.xcconfig */;
			buildSettings = {
				DYLIB_COMPATIBILITY_VERSION = 1;
				DYLIB_CURRENT_VERSION = 13;
				INFOPLIST_FILE = Alexander/Platforms/watchOS/Info.plist;
				PRODUCT_BUNDLE_IDENTIFIER = "com.hodinkee.$(PRODUCT_NAME:rfc1034identifier)";
				SWIFT_VERSION = 3.0;
			};
			name = Debug;
		};
		3A512EFC1BE169A00091A124 /* Release */ = {
			isa = XCBuildConfiguration;
			baseConfigurationReference = 3AA308B11C62C25B004B06C3 /* watchOS-Framework.xcconfig */;
			buildSettings = {
				DYLIB_COMPATIBILITY_VERSION = 1;
				DYLIB_CURRENT_VERSION = 13;
				INFOPLIST_FILE = Alexander/Platforms/watchOS/Info.plist;
				PRODUCT_BUNDLE_IDENTIFIER = "com.hodinkee.$(PRODUCT_NAME:rfc1034identifier)";
				SWIFT_VERSION = 3.0;
			};
			name = Release;
		};
		3BEDAE331B5DC30500AD52FE /* Debug */ = {
			isa = XCBuildConfiguration;
			baseConfigurationReference = 3AA308831C62C25B004B06C3 /* Debug.xcconfig */;
			buildSettings = {
				CURRENT_PROJECT_VERSION = 13;
				IPHONEOS_DEPLOYMENT_TARGET = 8.0;
				MACOSX_DEPLOYMENT_TARGET = 10.9;
				TVOS_DEPLOYMENT_TARGET = 9.0;
				VERSIONING_SYSTEM = "apple-generic";
				VERSION_INFO_PREFIX = "";
				WATCHOS_DEPLOYMENT_TARGET = 2.0;
			};
			name = Debug;
		};
		3BEDAE341B5DC30500AD52FE /* Release */ = {
			isa = XCBuildConfiguration;
			baseConfigurationReference = 3AA308851C62C25B004B06C3 /* Release.xcconfig */;
			buildSettings = {
				CURRENT_PROJECT_VERSION = 13;
				IPHONEOS_DEPLOYMENT_TARGET = 8.0;
				MACOSX_DEPLOYMENT_TARGET = 10.9;
				TVOS_DEPLOYMENT_TARGET = 9.0;
				VERSIONING_SYSTEM = "apple-generic";
				VERSION_INFO_PREFIX = "";
				WATCHOS_DEPLOYMENT_TARGET = 2.0;
			};
			name = Release;
		};
		3BEDAE361B5DC30500AD52FE /* Debug */ = {
			isa = XCBuildConfiguration;
			baseConfigurationReference = 3AA308A01C62C25B004B06C3 /* iOS-Framework.xcconfig */;
			buildSettings = {
				DYLIB_COMPATIBILITY_VERSION = 1;
				DYLIB_CURRENT_VERSION = 13;
				INFOPLIST_FILE = Alexander/Platforms/iOS/Info.plist;
				PRODUCT_BUNDLE_IDENTIFIER = "com.hodinkee.$(PRODUCT_NAME:rfc1034identifier)";
				SWIFT_VERSION = 3.0;
			};
			name = Debug;
		};
		3BEDAE371B5DC30500AD52FE /* Release */ = {
			isa = XCBuildConfiguration;
			baseConfigurationReference = 3AA308A01C62C25B004B06C3 /* iOS-Framework.xcconfig */;
			buildSettings = {
				DYLIB_COMPATIBILITY_VERSION = 1;
				DYLIB_CURRENT_VERSION = 13;
				INFOPLIST_FILE = Alexander/Platforms/iOS/Info.plist;
				PRODUCT_BUNDLE_IDENTIFIER = "com.hodinkee.$(PRODUCT_NAME:rfc1034identifier)";
				SWIFT_VERSION = 3.0;
			};
			name = Release;
		};
		3BEDAE391B5DC30500AD52FE /* Debug */ = {
			isa = XCBuildConfiguration;
			baseConfigurationReference = 3AA3089E1C62C25B004B06C3 /* iOS-Application.xcconfig */;
			buildSettings = {
				CODE_SIGN_IDENTITY = "iPhone Developer";
				"CODE_SIGN_IDENTITY[sdk=iphonesimulator*]" = "";
				INFOPLIST_FILE = Tests/Platforms/iOS/Info.plist;
				PRODUCT_BUNDLE_IDENTIFIER = "com.hodinkee.$(PRODUCT_NAME:rfc1034identifier)";
				PRODUCT_NAME = "$(TARGET_NAME)";
				SWIFT_VERSION = 3.0;
			};
			name = Debug;
		};
		3BEDAE3A1B5DC30500AD52FE /* Release */ = {
			isa = XCBuildConfiguration;
			baseConfigurationReference = 3AA3089E1C62C25B004B06C3 /* iOS-Application.xcconfig */;
			buildSettings = {
				CODE_SIGN_IDENTITY = "iPhone Developer";
				"CODE_SIGN_IDENTITY[sdk=iphonesimulator*]" = "";
				INFOPLIST_FILE = Tests/Platforms/iOS/Info.plist;
				PRODUCT_BUNDLE_IDENTIFIER = "com.hodinkee.$(PRODUCT_NAME:rfc1034identifier)";
				PRODUCT_NAME = "$(TARGET_NAME)";
				SWIFT_VERSION = 3.0;
			};
			name = Release;
		};
		3BEDAE781B5DC4EC00AD52FE /* Debug */ = {
			isa = XCBuildConfiguration;
			baseConfigurationReference = 3AA308A61C62C25B004B06C3 /* Mac-Framework.xcconfig */;
			buildSettings = {
				DYLIB_COMPATIBILITY_VERSION = 1;
				DYLIB_CURRENT_VERSION = 13;
				FRAMEWORK_VERSION = A;
				INFOPLIST_FILE = Alexander/Platforms/macOS/Info.plist;
				PRODUCT_BUNDLE_IDENTIFIER = "com.hodinkee.$(PRODUCT_NAME:rfc1034identifier)";
				SWIFT_VERSION = 3.0;
			};
			name = Debug;
		};
		3BEDAE791B5DC4EC00AD52FE /* Release */ = {
			isa = XCBuildConfiguration;
			baseConfigurationReference = 3AA308A61C62C25B004B06C3 /* Mac-Framework.xcconfig */;
			buildSettings = {
				DYLIB_COMPATIBILITY_VERSION = 1;
				DYLIB_CURRENT_VERSION = 13;
				FRAMEWORK_VERSION = A;
				INFOPLIST_FILE = Alexander/Platforms/macOS/Info.plist;
				PRODUCT_BUNDLE_IDENTIFIER = "com.hodinkee.$(PRODUCT_NAME:rfc1034identifier)";
				SWIFT_VERSION = 3.0;
			};
			name = Release;
		};
		3BEDAE7B1B5DC4EC00AD52FE /* Debug */ = {
			isa = XCBuildConfiguration;
			baseConfigurationReference = 3AA308A31C62C25B004B06C3 /* Mac-Application.xcconfig */;
			buildSettings = {
				INFOPLIST_FILE = Tests/Platforms/macOS/Info.plist;
				PRODUCT_BUNDLE_IDENTIFIER = "com.hodinkee.$(PRODUCT_NAME:rfc1034identifier)";
				PRODUCT_NAME = "$(TARGET_NAME)";
				SWIFT_VERSION = 3.0;
			};
			name = Debug;
		};
		3BEDAE7C1B5DC4EC00AD52FE /* Release */ = {
			isa = XCBuildConfiguration;
			baseConfigurationReference = 3AA308A31C62C25B004B06C3 /* Mac-Application.xcconfig */;
			buildSettings = {
				INFOPLIST_FILE = Tests/Platforms/macOS/Info.plist;
				PRODUCT_BUNDLE_IDENTIFIER = "com.hodinkee.$(PRODUCT_NAME:rfc1034identifier)";
				PRODUCT_NAME = "$(TARGET_NAME)";
				SWIFT_VERSION = 3.0;
			};
			name = Release;
		};
/* End XCBuildConfiguration section */

/* Begin XCConfigurationList section */
		3A512EEA1BE169920091A124 /* Build configuration list for PBXNativeTarget "Alexander-tvOS" */ = {
			isa = XCConfigurationList;
			buildConfigurations = (
				3A512EEB1BE169920091A124 /* Debug */,
				3A512EEC1BE169920091A124 /* Release */,
			);
			defaultConfigurationIsVisible = 0;
			defaultConfigurationName = Release;
		};
		3A512EED1BE169920091A124 /* Build configuration list for PBXNativeTarget "Alexander-tvOS-Tests" */ = {
			isa = XCConfigurationList;
			buildConfigurations = (
				3A512EEE1BE169920091A124 /* Debug */,
				3A512EEF1BE169920091A124 /* Release */,
			);
			defaultConfigurationIsVisible = 0;
			defaultConfigurationName = Release;
		};
		3A512EFA1BE169A00091A124 /* Build configuration list for PBXNativeTarget "Alexander-watchOS" */ = {
			isa = XCConfigurationList;
			buildConfigurations = (
				3A512EFB1BE169A00091A124 /* Debug */,
				3A512EFC1BE169A00091A124 /* Release */,
			);
			defaultConfigurationIsVisible = 0;
			defaultConfigurationName = Release;
		};
		3BEDAE191B5DC30500AD52FE /* Build configuration list for PBXProject "Alexander" */ = {
			isa = XCConfigurationList;
			buildConfigurations = (
				3BEDAE331B5DC30500AD52FE /* Debug */,
				3BEDAE341B5DC30500AD52FE /* Release */,
			);
			defaultConfigurationIsVisible = 0;
			defaultConfigurationName = Release;
		};
		3BEDAE351B5DC30500AD52FE /* Build configuration list for PBXNativeTarget "Alexander-iOS" */ = {
			isa = XCConfigurationList;
			buildConfigurations = (
				3BEDAE361B5DC30500AD52FE /* Debug */,
				3BEDAE371B5DC30500AD52FE /* Release */,
			);
			defaultConfigurationIsVisible = 0;
			defaultConfigurationName = Release;
		};
		3BEDAE381B5DC30500AD52FE /* Build configuration list for PBXNativeTarget "Alexander-iOS-Tests" */ = {
			isa = XCConfigurationList;
			buildConfigurations = (
				3BEDAE391B5DC30500AD52FE /* Debug */,
				3BEDAE3A1B5DC30500AD52FE /* Release */,
			);
			defaultConfigurationIsVisible = 0;
			defaultConfigurationName = Release;
		};
		3BEDAE771B5DC4EC00AD52FE /* Build configuration list for PBXNativeTarget "Alexander-macOS" */ = {
			isa = XCConfigurationList;
			buildConfigurations = (
				3BEDAE781B5DC4EC00AD52FE /* Debug */,
				3BEDAE791B5DC4EC00AD52FE /* Release */,
			);
			defaultConfigurationIsVisible = 0;
			defaultConfigurationName = Release;
		};
		3BEDAE7A1B5DC4EC00AD52FE /* Build configuration list for PBXNativeTarget "Alexander-macOS-Tests" */ = {
			isa = XCConfigurationList;
			buildConfigurations = (
				3BEDAE7B1B5DC4EC00AD52FE /* Debug */,
				3BEDAE7C1B5DC4EC00AD52FE /* Release */,
			);
			defaultConfigurationIsVisible = 0;
			defaultConfigurationName = Release;
		};
/* End XCConfigurationList section */
	};
	rootObject = 3BEDAE161B5DC30500AD52FE /* Project object */;
}
